// !$*UTF8*$!
{
	archiveVersion = 1;
	classes = {
	};
	objectVersion = 56;
	objects = {

/* Begin PBXBuildFile section */
		CC1E24012B27C59300D43CB2 /* AppDelegate.swift in Sources */ = {isa = PBXBuildFile; fileRef = CC1E24002B27C59300D43CB2 /* AppDelegate.swift */; };
		CC1E24032B27C59300D43CB2 /* SceneDelegate.swift in Sources */ = {isa = PBXBuildFile; fileRef = CC1E24022B27C59300D43CB2 /* SceneDelegate.swift */; };
		CC1E24052B27C59300D43CB2 /* ViewController.swift in Sources */ = {isa = PBXBuildFile; fileRef = CC1E24042B27C59300D43CB2 /* ViewController.swift */; };
		CC1E24082B27C59300D43CB2 /* Main.storyboard in Resources */ = {isa = PBXBuildFile; fileRef = CC1E24062B27C59300D43CB2 /* Main.storyboard */; };
		CC1E240A2B27C59400D43CB2 /* Assets.xcassets in Resources */ = {isa = PBXBuildFile; fileRef = CC1E24092B27C59400D43CB2 /* Assets.xcassets */; };
		CC1E240D2B27C59400D43CB2 /* LaunchScreen.storyboard in Resources */ = {isa = PBXBuildFile; fileRef = CC1E240B2B27C59400D43CB2 /* LaunchScreen.storyboard */; };
		CC1E24182B27C59500D43CB2 /* IBBasicsTests.swift in Sources */ = {isa = PBXBuildFile; fileRef = CC1E24172B27C59500D43CB2 /* IBBasicsTests.swift */; };
		CC1E24222B27C59500D43CB2 /* IBBasicsUITests.swift in Sources */ = {isa = PBXBuildFile; fileRef = CC1E24212B27C59500D43CB2 /* IBBasicsUITests.swift */; };
		CC1E24242B27C59500D43CB2 /* IBBasicsUITestsLaunchTests.swift in Sources */ = {isa = PBXBuildFile; fileRef = CC1E24232B27C59500D43CB2 /* IBBasicsUITestsLaunchTests.swift */; };
/* End PBXBuildFile section */

/* Begin PBXContainerItemProxy section */
		CC1E24142B27C59500D43CB2 /* PBXContainerItemProxy */ = {
			isa = PBXContainerItemProxy;
			containerPortal = CC1E23F52B27C59300D43CB2 /* Project object */;
			proxyType = 1;
			remoteGlobalIDString = CC1E23FC2B27C59300D43CB2;
			remoteInfo = IBBasics;
		};
		CC1E241E2B27C59500D43CB2 /* PBXContainerItemProxy */ = {
			isa = PBXContainerItemProxy;
			containerPortal = CC1E23F52B27C59300D43CB2 /* Project object */;
			proxyType = 1;
			remoteGlobalIDString = CC1E23FC2B27C59300D43CB2;
			remoteInfo = IBBasics;
		};
/* End PBXContainerItemProxy section */

/* Begin PBXFileReference section */
		CC1E23FD2B27C59300D43CB2 /* IBBasics.app */ = {isa = PBXFileReference; explicitFileType = wrapper.application; includeInIndex = 0; path = IBBasics.app; sourceTree = BUILT_PRODUCTS_DIR; };
		CC1E24002B27C59300D43CB2 /* AppDelegate.swift */ = {isa = PBXFileReference; lastKnownFileType = sourcecode.swift; path = AppDelegate.swift; sourceTree = "<group>"; };
		CC1E24022B27C59300D43CB2 /* SceneDelegate.swift */ = {isa = PBXFileReference; lastKnownFileType = sourcecode.swift; path = SceneDelegate.swift; sourceTree = "<group>"; };
		CC1E24042B27C59300D43CB2 /* ViewController.swift */ = {isa = PBXFileReference; lastKnownFileType = sourcecode.swift; path = ViewController.swift; sourceTree = "<group>"; };
		CC1E24072B27C59300D43CB2 /* Base */ = {isa = PBXFileReference; lastKnownFileType = file.storyboard; name = Base; path = Base.lproj/Main.storyboard; sourceTree = "<group>"; };
		CC1E24092B27C59400D43CB2 /* Assets.xcassets */ = {isa = PBXFileReference; lastKnownFileType = folder.assetcatalog; path = Assets.xcassets; sourceTree = "<group>"; };
		CC1E240C2B27C59400D43CB2 /* Base */ = {isa = PBXFileReference; lastKnownFileType = file.storyboard; name = Base; path = Base.lproj/LaunchScreen.storyboard; sourceTree = "<group>"; };
		CC1E240E2B27C59400D43CB2 /* Info.plist */ = {isa = PBXFileReference; lastKnownFileType = text.plist.xml; path = Info.plist; sourceTree = "<group>"; };
		CC1E24132B27C59500D43CB2 /* IBBasicsTests.xctest */ = {isa = PBXFileReference; explicitFileType = wrapper.cfbundle; includeInIndex = 0; path = IBBasicsTests.xctest; sourceTree = BUILT_PRODUCTS_DIR; };
		CC1E24172B27C59500D43CB2 /* IBBasicsTests.swift */ = {isa = PBXFileReference; lastKnownFileType = sourcecode.swift; path = IBBasicsTests.swift; sourceTree = "<group>"; };
		CC1E241D2B27C59500D43CB2 /* IBBasicsUITests.xctest */ = {isa = PBXFileReference; explicitFileType = wrapper.cfbundle; includeInIndex = 0; path = IBBasicsUITests.xctest; sourceTree = BUILT_PRODUCTS_DIR; };
		CC1E24212B27C59500D43CB2 /* IBBasicsUITests.swift */ = {isa = PBXFileReference; lastKnownFileType = sourcecode.swift; path = IBBasicsUITests.swift; sourceTree = "<group>"; };
		CC1E24232B27C59500D43CB2 /* IBBasicsUITestsLaunchTests.swift */ = {isa = PBXFileReference; lastKnownFileType = sourcecode.swift; path = IBBasicsUITestsLaunchTests.swift; sourceTree = "<group>"; };
/* End PBXFileReference section */

/* Begin PBXFrameworksBuildPhase section */
		CC1E23FA2B27C59300D43CB2 /* Frameworks */ = {
			isa = PBXFrameworksBuildPhase;
			buildActionMask = 2147483647;
			files = (
			);
			runOnlyForDeploymentPostprocessing = 0;
		};
		CC1E24102B27C59500D43CB2 /* Frameworks */ = {
			isa = PBXFrameworksBuildPhase;
			buildActionMask = 2147483647;
			files = (
			);
			runOnlyForDeploymentPostprocessing = 0;
		};
		CC1E241A2B27C59500D43CB2 /* Frameworks */ = {
			isa = PBXFrameworksBuildPhase;
			buildActionMask = 2147483647;
			files = (
			);
			runOnlyForDeploymentPostprocessing = 0;
		};
/* End PBXFrameworksBuildPhase section */

/* Begin PBXGroup section */
		CC1E23F42B27C59300D43CB2 = {
			isa = PBXGroup;
			children = (
				CC1E23FF2B27C59300D43CB2 /* IBBasics */,
				CC1E24162B27C59500D43CB2 /* IBBasicsTests */,
				CC1E24202B27C59500D43CB2 /* IBBasicsUITests */,
				CC1E23FE2B27C59300D43CB2 /* Products */,
			);
			sourceTree = "<group>";
		};
		CC1E23FE2B27C59300D43CB2 /* Products */ = {
			isa = PBXGroup;
			children = (
				CC1E23FD2B27C59300D43CB2 /* IBBasics.app */,
				CC1E24132B27C59500D43CB2 /* IBBasicsTests.xctest */,
				CC1E241D2B27C59500D43CB2 /* IBBasicsUITests.xctest */,
			);
			name = Products;
			sourceTree = "<group>";
		};
		CC1E23FF2B27C59300D43CB2 /* IBBasics */ = {
			isa = PBXGroup;
			children = (
				CC1E24002B27C59300D43CB2 /* AppDelegate.swift */,
				CC1E24022B27C59300D43CB2 /* SceneDelegate.swift */,
				CC1E24042B27C59300D43CB2 /* ViewController.swift */,
				CC1E24062B27C59300D43CB2 /* Main.storyboard */,
				CC1E24092B27C59400D43CB2 /* Assets.xcassets */,
				CC1E240B2B27C59400D43CB2 /* LaunchScreen.storyboard */,
				CC1E240E2B27C59400D43CB2 /* Info.plist */,
			);
			path = IBBasics;
			sourceTree = "<group>";
		};
		CC1E24162B27C59500D43CB2 /* IBBasicsTests */ = {
			isa = PBXGroup;
			children = (
				CC1E24172B27C59500D43CB2 /* IBBasicsTests.swift */,
			);
			path = IBBasicsTests;
			sourceTree = "<group>";
		};
		CC1E24202B27C59500D43CB2 /* IBBasicsUITests */ = {
			isa = PBXGroup;
			children = (
				CC1E24212B27C59500D43CB2 /* IBBasicsUITests.swift */,
				CC1E24232B27C59500D43CB2 /* IBBasicsUITestsLaunchTests.swift */,
			);
			path = IBBasicsUITests;
			sourceTree = "<group>";
		};
/* End PBXGroup section */

/* Begin PBXNativeTarget section */
		CC1E23FC2B27C59300D43CB2 /* IBBasics */ = {
			isa = PBXNativeTarget;
			buildConfigurationList = CC1E24272B27C59500D43CB2 /* Build configuration list for PBXNativeTarget "IBBasics" */;
			buildPhases = (
				CC1E23F92B27C59300D43CB2 /* Sources */,
				CC1E23FA2B27C59300D43CB2 /* Frameworks */,
				CC1E23FB2B27C59300D43CB2 /* Resources */,
			);
			buildRules = (
			);
			dependencies = (
			);
			name = IBBasics;
			productName = IBBasics;
			productReference = CC1E23FD2B27C59300D43CB2 /* IBBasics.app */;
			productType = "com.apple.product-type.application";
		};
		CC1E24122B27C59500D43CB2 /* IBBasicsTests */ = {
			isa = PBXNativeTarget;
			buildConfigurationList = CC1E242A2B27C59500D43CB2 /* Build configuration list for PBXNativeTarget "IBBasicsTests" */;
			buildPhases = (
				CC1E240F2B27C59500D43CB2 /* Sources */,
				CC1E24102B27C59500D43CB2 /* Frameworks */,
				CC1E24112B27C59500D43CB2 /* Resources */,
			);
			buildRules = (
			);
			dependencies = (
				CC1E24152B27C59500D43CB2 /* PBXTargetDependency */,
			);
			name = IBBasicsTests;
			productName = IBBasicsTests;
			productReference = CC1E24132B27C59500D43CB2 /* IBBasicsTests.xctest */;
			productType = "com.apple.product-type.bundle.unit-test";
		};
		CC1E241C2B27C59500D43CB2 /* IBBasicsUITests */ = {
			isa = PBXNativeTarget;
			buildConfigurationList = CC1E242D2B27C59500D43CB2 /* Build configuration list for PBXNativeTarget "IBBasicsUITests" */;
			buildPhases = (
				CC1E24192B27C59500D43CB2 /* Sources */,
				CC1E241A2B27C59500D43CB2 /* Frameworks */,
				CC1E241B2B27C59500D43CB2 /* Resources */,
			);
			buildRules = (
			);
			dependencies = (
				CC1E241F2B27C59500D43CB2 /* PBXTargetDependency */,
			);
			name = IBBasicsUITests;
			productName = IBBasicsUITests;
			productReference = CC1E241D2B27C59500D43CB2 /* IBBasicsUITests.xctest */;
			productType = "com.apple.product-type.bundle.ui-testing";
		};
/* End PBXNativeTarget section */

/* Begin PBXProject section */
		CC1E23F52B27C59300D43CB2 /* Project object */ = {
			isa = PBXProject;
			attributes = {
				BuildIndependentTargetsInParallel = 1;
				LastSwiftUpdateCheck = 1500;
				LastUpgradeCheck = 1500;
				TargetAttributes = {
					CC1E23FC2B27C59300D43CB2 = {
						CreatedOnToolsVersion = 15.0.1;
					};
					CC1E24122B27C59500D43CB2 = {
						CreatedOnToolsVersion = 15.0.1;
						TestTargetID = CC1E23FC2B27C59300D43CB2;
					};
					CC1E241C2B27C59500D43CB2 = {
						CreatedOnToolsVersion = 15.0.1;
						TestTargetID = CC1E23FC2B27C59300D43CB2;
					};
				};
			};
			buildConfigurationList = CC1E23F82B27C59300D43CB2 /* Build configuration list for PBXProject "IBBasics" */;
			compatibilityVersion = "Xcode 14.0";
			developmentRegion = en;
			hasScannedForEncodings = 0;
			knownRegions = (
				en,
				Base,
			);
			mainGroup = CC1E23F42B27C59300D43CB2;
			productRefGroup = CC1E23FE2B27C59300D43CB2 /* Products */;
			projectDirPath = "";
			projectRoot = "";
			targets = (
				CC1E23FC2B27C59300D43CB2 /* IBBasics */,
				CC1E24122B27C59500D43CB2 /* IBBasicsTests */,
				CC1E241C2B27C59500D43CB2 /* IBBasicsUITests */,
			);
		};
/* End PBXProject section */

/* Begin PBXResourcesBuildPhase section */
		CC1E23FB2B27C59300D43CB2 /* Resources */ = {
			isa = PBXResourcesBuildPhase;
			buildActionMask = 2147483647;
			files = (
				CC1E240D2B27C59400D43CB2 /* LaunchScreen.storyboard in Resources */,
				CC1E240A2B27C59400D43CB2 /* Assets.xcassets in Resources */,
				CC1E24082B27C59300D43CB2 /* Main.storyboard in Resources */,
			);
			runOnlyForDeploymentPostprocessing = 0;
		};
		CC1E24112B27C59500D43CB2 /* Resources */ = {
			isa = PBXResourcesBuildPhase;
			buildActionMask = 2147483647;
			files = (
			);
			runOnlyForDeploymentPostprocessing = 0;
		};
		CC1E241B2B27C59500D43CB2 /* Resources */ = {
			isa = PBXResourcesBuildPhase;
			buildActionMask = 2147483647;
			files = (
			);
			runOnlyForDeploymentPostprocessing = 0;
		};
/* End PBXResourcesBuildPhase section */

/* Begin PBXSourcesBuildPhase section */
		CC1E23F92B27C59300D43CB2 /* Sources */ = {
			isa = PBXSourcesBuildPhase;
			buildActionMask = 2147483647;
			files = (
				CC1E24052B27C59300D43CB2 /* ViewController.swift in Sources */,
				CC1E24012B27C59300D43CB2 /* AppDelegate.swift in Sources */,
				CC1E24032B27C59300D43CB2 /* SceneDelegate.swift in Sources */,
			);
			runOnlyForDeploymentPostprocessing = 0;
		};
		CC1E240F2B27C59500D43CB2 /* Sources */ = {
			isa = PBXSourcesBuildPhase;
			buildActionMask = 2147483647;
			files = (
				CC1E24182B27C59500D43CB2 /* IBBasicsTests.swift in Sources */,
			);
			runOnlyForDeploymentPostprocessing = 0;
		};
		CC1E24192B27C59500D43CB2 /* Sources */ = {
			isa = PBXSourcesBuildPhase;
			buildActionMask = 2147483647;
			files = (
				CC1E24242B27C59500D43CB2 /* IBBasicsUITestsLaunchTests.swift in Sources */,
				CC1E24222B27C59500D43CB2 /* IBBasicsUITests.swift in Sources */,
			);
			runOnlyForDeploymentPostprocessing = 0;
		};
/* End PBXSourcesBuildPhase section */

/* Begin PBXTargetDependency section */
		CC1E24152B27C59500D43CB2 /* PBXTargetDependency */ = {
			isa = PBXTargetDependency;
			target = CC1E23FC2B27C59300D43CB2 /* IBBasics */;
			targetProxy = CC1E24142B27C59500D43CB2 /* PBXContainerItemProxy */;
		};
		CC1E241F2B27C59500D43CB2 /* PBXTargetDependency */ = {
			isa = PBXTargetDependency;
			target = CC1E23FC2B27C59300D43CB2 /* IBBasics */;
			targetProxy = CC1E241E2B27C59500D43CB2 /* PBXContainerItemProxy */;
		};
/* End PBXTargetDependency section */

/* Begin PBXVariantGroup section */
		CC1E24062B27C59300D43CB2 /* Main.storyboard */ = {
			isa = PBXVariantGroup;
			children = (
				CC1E24072B27C59300D43CB2 /* Base */,
			);
			name = Main.storyboard;
			sourceTree = "<group>";
		};
		CC1E240B2B27C59400D43CB2 /* LaunchScreen.storyboard */ = {
			isa = PBXVariantGroup;
			children = (
				CC1E240C2B27C59400D43CB2 /* Base */,
			);
			name = LaunchScreen.storyboard;
			sourceTree = "<group>";
		};
/* End PBXVariantGroup section */

/* Begin XCBuildConfiguration section */
		CC1E24252B27C59500D43CB2 /* Debug */ = {
			isa = XCBuildConfiguration;
			buildSettings = {
				ALWAYS_SEARCH_USER_PATHS = NO;
				ASSETCATALOG_COMPILER_GENERATE_SWIFT_ASSET_SYMBOL_EXTENSIONS = YES;
				CLANG_ANALYZER_NONNULL = YES;
				CLANG_ANALYZER_NUMBER_OBJECT_CONVERSION = YES_AGGRESSIVE;
				CLANG_CXX_LANGUAGE_STANDARD = "gnu++20";
				CLANG_ENABLE_MODULES = YES;
				CLANG_ENABLE_OBJC_ARC = YES;
				CLANG_ENABLE_OBJC_WEAK = YES;
				CLANG_WARN_BLOCK_CAPTURE_AUTORELEASING = YES;
				CLANG_WARN_BOOL_CONVERSION = YES;
				CLANG_WARN_COMMA = YES;
				CLANG_WARN_CONSTANT_CONVERSION = YES;
				CLANG_WARN_DEPRECATED_OBJC_IMPLEMENTATIONS = YES;
				CLANG_WARN_DIRECT_OBJC_ISA_USAGE = YES_ERROR;
				CLANG_WARN_DOCUMENTATION_COMMENTS = YES;
				CLANG_WARN_EMPTY_BODY = YES;
				CLANG_WARN_ENUM_CONVERSION = YES;
				CLANG_WARN_INFINITE_RECURSION = YES;
				CLANG_WARN_INT_CONVERSION = YES;
				CLANG_WARN_NON_LITERAL_NULL_CONVERSION = YES;
				CLANG_WARN_OBJC_IMPLICIT_RETAIN_SELF = YES;
				CLANG_WARN_OBJC_LITERAL_CONVERSION = YES;
				CLANG_WARN_OBJC_ROOT_CLASS = YES_ERROR;
				CLANG_WARN_QUOTED_INCLUDE_IN_FRAMEWORK_HEADER = YES;
				CLANG_WARN_RANGE_LOOP_ANALYSIS = YES;
				CLANG_WARN_STRICT_PROTOTYPES = YES;
				CLANG_WARN_SUSPICIOUS_MOVE = YES;
				CLANG_WARN_UNGUARDED_AVAILABILITY = YES_AGGRESSIVE;
				CLANG_WARN_UNREACHABLE_CODE = YES;
				CLANG_WARN__DUPLICATE_METHOD_MATCH = YES;
				COPY_PHASE_STRIP = NO;
				DEBUG_INFORMATION_FORMAT = dwarf;
				ENABLE_STRICT_OBJC_MSGSEND = YES;
				ENABLE_TESTABILITY = YES;
				ENABLE_USER_SCRIPT_SANDBOXING = YES;
				GCC_C_LANGUAGE_STANDARD = gnu17;
				GCC_DYNAMIC_NO_PIC = NO;
				GCC_NO_COMMON_BLOCKS = YES;
				GCC_OPTIMIZATION_LEVEL = 0;
				GCC_PREPROCESSOR_DEFINITIONS = (
					"DEBUG=1",
					"$(inherited)",
				);
				GCC_WARN_64_TO_32_BIT_CONVERSION = YES;
				GCC_WARN_ABOUT_RETURN_TYPE = YES_ERROR;
				GCC_WARN_UNDECLARED_SELECTOR = YES;
				GCC_WARN_UNINITIALIZED_AUTOS = YES_AGGRESSIVE;
				GCC_WARN_UNUSED_FUNCTION = YES;
				GCC_WARN_UNUSED_VARIABLE = YES;
				IPHONEOS_DEPLOYMENT_TARGET = 17.0;
				LOCALIZATION_PREFERS_STRING_CATALOGS = YES;
				MTL_ENABLE_DEBUG_INFO = INCLUDE_SOURCE;
				MTL_FAST_MATH = YES;
				ONLY_ACTIVE_ARCH = YES;
				SDKROOT = iphoneos;
				SWIFT_ACTIVE_COMPILATION_CONDITIONS = "DEBUG $(inherited)";
				SWIFT_OPTIMIZATION_LEVEL = "-Onone";
			};
			name = Debug;
		};
		CC1E24262B27C59500D43CB2 /* Release */ = {
			isa = XCBuildConfiguration;
			buildSettings = {
				ALWAYS_SEARCH_USER_PATHS = NO;
				ASSETCATALOG_COMPILER_GENERATE_SWIFT_ASSET_SYMBOL_EXTENSIONS = YES;
				CLANG_ANALYZER_NONNULL = YES;
				CLANG_ANALYZER_NUMBER_OBJECT_CONVERSION = YES_AGGRESSIVE;
				CLANG_CXX_LANGUAGE_STANDARD = "gnu++20";
				CLANG_ENABLE_MODULES = YES;
				CLANG_ENABLE_OBJC_ARC = YES;
				CLANG_ENABLE_OBJC_WEAK = YES;
				CLANG_WARN_BLOCK_CAPTURE_AUTORELEASING = YES;
				CLANG_WARN_BOOL_CONVERSION = YES;
				CLANG_WARN_COMMA = YES;
				CLANG_WARN_CONSTANT_CONVERSION = YES;
				CLANG_WARN_DEPRECATED_OBJC_IMPLEMENTATIONS = YES;
				CLANG_WARN_DIRECT_OBJC_ISA_USAGE = YES_ERROR;
				CLANG_WARN_DOCUMENTATION_COMMENTS = YES;
				CLANG_WARN_EMPTY_BODY = YES;
				CLANG_WARN_ENUM_CONVERSION = YES;
				CLANG_WARN_INFINITE_RECURSION = YES;
				CLANG_WARN_INT_CONVERSION = YES;
				CLANG_WARN_NON_LITERAL_NULL_CONVERSION = YES;
				CLANG_WARN_OBJC_IMPLICIT_RETAIN_SELF = YES;
				CLANG_WARN_OBJC_LITERAL_CONVERSION = YES;
				CLANG_WARN_OBJC_ROOT_CLASS = YES_ERROR;
				CLANG_WARN_QUOTED_INCLUDE_IN_FRAMEWORK_HEADER = YES;
				CLANG_WARN_RANGE_LOOP_ANALYSIS = YES;
				CLANG_WARN_STRICT_PROTOTYPES = YES;
				CLANG_WARN_SUSPICIOUS_MOVE = YES;
				CLANG_WARN_UNGUARDED_AVAILABILITY = YES_AGGRESSIVE;
				CLANG_WARN_UNREACHABLE_CODE = YES;
				CLANG_WARN__DUPLICATE_METHOD_MATCH = YES;
				COPY_PHASE_STRIP = NO;
				DEBUG_INFORMATION_FORMAT = "dwarf-with-dsym";
				ENABLE_NS_ASSERTIONS = NO;
				ENABLE_STRICT_OBJC_MSGSEND = YES;
				ENABLE_USER_SCRIPT_SANDBOXING = YES;
				GCC_C_LANGUAGE_STANDARD = gnu17;
				GCC_NO_COMMON_BLOCKS = YES;
				GCC_WARN_64_TO_32_BIT_CONVERSION = YES;
				GCC_WARN_ABOUT_RETURN_TYPE = YES_ERROR;
				GCC_WARN_UNDECLARED_SELECTOR = YES;
				GCC_WARN_UNINITIALIZED_AUTOS = YES_AGGRESSIVE;
				GCC_WARN_UNUSED_FUNCTION = YES;
				GCC_WARN_UNUSED_VARIABLE = YES;
				IPHONEOS_DEPLOYMENT_TARGET = 17.0;
				LOCALIZATION_PREFERS_STRING_CATALOGS = YES;
				MTL_ENABLE_DEBUG_INFO = NO;
				MTL_FAST_MATH = YES;
				SDKROOT = iphoneos;
				SWIFT_COMPILATION_MODE = wholemodule;
				VALIDATE_PRODUCT = YES;
			};
			name = Release;
		};
		CC1E24282B27C59500D43CB2 /* Debug */ = {
			isa = XCBuildConfiguration;
			buildSettings = {
				ASSETCATALOG_COMPILER_APPICON_NAME = AppIcon;
				ASSETCATALOG_COMPILER_GLOBAL_ACCENT_COLOR_NAME = AccentColor;
				CODE_SIGN_STYLE = Automatic;
				CURRENT_PROJECT_VERSION = 1;
				DEVELOPMENT_TEAM = ZBUXG7MTFC;
				GENERATE_INFOPLIST_FILE = YES;
				INFOPLIST_FILE = IBBasics/Info.plist;
				INFOPLIST_KEY_UIApplicationSupportsIndirectInputEvents = YES;
				INFOPLIST_KEY_UILaunchStoryboardName = LaunchScreen;
				INFOPLIST_KEY_UIMainStoryboardFile = Main;
				INFOPLIST_KEY_UISupportedInterfaceOrientations_iPad = "UIInterfaceOrientationPortrait UIInterfaceOrientationPortraitUpsideDown UIInterfaceOrientationLandscapeLeft UIInterfaceOrientationLandscapeRight";
				INFOPLIST_KEY_UISupportedInterfaceOrientations_iPhone = "UIInterfaceOrientationPortrait UIInterfaceOrientationLandscapeLeft UIInterfaceOrientationLandscapeRight";
				LD_RUNPATH_SEARCH_PATHS = (
					"$(inherited)",
					"@executable_path/Frameworks",
				);
				MARKETING_VERSION = 1.0;
				PRODUCT_BUNDLE_IDENTIFIER = me.IBBasics;
				PRODUCT_NAME = "$(TARGET_NAME)";
				SWIFT_EMIT_LOC_STRINGS = YES;
				SWIFT_VERSION = 5.0;
				TARGETED_DEVICE_FAMILY = "1,2";
			};
			name = Debug;
		};
		CC1E24292B27C59500D43CB2 /* Release */ = {
			isa = XCBuildConfiguration;
			buildSettings = {
				ASSETCATALOG_COMPILER_APPICON_NAME = AppIcon;
				ASSETCATALOG_COMPILER_GLOBAL_ACCENT_COLOR_NAME = AccentColor;
				CODE_SIGN_STYLE = Automatic;
				CURRENT_PROJECT_VERSION = 1;
				DEVELOPMENT_TEAM = ZBUXG7MTFC;
				GENERATE_INFOPLIST_FILE = YES;
				INFOPLIST_FILE = IBBasics/Info.plist;
				INFOPLIST_KEY_UIApplicationSupportsIndirectInputEvents = YES;
				INFOPLIST_KEY_UILaunchStoryboardName = LaunchScreen;
				INFOPLIST_KEY_UIMainStoryboardFile = Main;
				INFOPLIST_KEY_UISupportedInterfaceOrientations_iPad = "UIInterfaceOrientationPortrait UIInterfaceOrientationPortraitUpsideDown UIInterfaceOrientationLandscapeLeft UIInterfaceOrientationLandscapeRight";
				INFOPLIST_KEY_UISupportedInterfaceOrientations_iPhone = "UIInterfaceOrientationPortrait UIInterfaceOrientationLandscapeLeft UIInterfaceOrientationLandscapeRight";
				LD_RUNPATH_SEARCH_PATHS = (
					"$(inherited)",
					"@executable_path/Frameworks",
				);
				MARKETING_VERSION = 1.0;
				PRODUCT_BUNDLE_IDENTIFIER = me.IBBasics;
				PRODUCT_NAME = "$(TARGET_NAME)";
				SWIFT_EMIT_LOC_STRINGS = YES;
				SWIFT_VERSION = 5.0;
				TARGETED_DEVICE_FAMILY = "1,2";
			};
			name = Release;
		};
		CC1E242B2B27C59500D43CB2 /* Debug */ = {
			isa = XCBuildConfiguration;
			buildSettings = {
				ALWAYS_EMBED_SWIFT_STANDARD_LIBRARIES = YES;
				BUNDLE_LOADER = "$(TEST_HOST)";
				CODE_SIGN_STYLE = Automatic;
				CURRENT_PROJECT_VERSION = 1;
				DEVELOPMENT_TEAM = ZBUXG7MTFC;
				GENERATE_INFOPLIST_FILE = YES;
				IPHONEOS_DEPLOYMENT_TARGET = 17.0;
				MARKETING_VERSION = 1.0;
				PRODUCT_BUNDLE_IDENTIFIER = me.IBBasicsTests;
				PRODUCT_NAME = "$(TARGET_NAME)";
				SWIFT_EMIT_LOC_STRINGS = NO;
				SWIFT_VERSION = 5.0;
				TARGETED_DEVICE_FAMILY = "1,2";
				TEST_HOST = "$(BUILT_PRODUCTS_DIR)/IBBasics.app/$(BUNDLE_EXECUTABLE_FOLDER_PATH)/IBBasics";
			};
			name = Debug;
		};
		CC1E242C2B27C59500D43CB2 /* Release */ = {
			isa = XCBuildConfiguration;
			buildSettings = {
				ALWAYS_EMBED_SWIFT_STANDARD_LIBRARIES = YES;
				BUNDLE_LOADER = "$(TEST_HOST)";
				CODE_SIGN_STYLE = Automatic;
				CURRENT_PROJECT_VERSION = 1;
				DEVELOPMENT_TEAM = ZBUXG7MTFC;
				GENERATE_INFOPLIST_FILE = YES;
				IPHONEOS_DEPLOYMENT_TARGET = 17.0;
				MARKETING_VERSION = 1.0;
				PRODUCT_BUNDLE_IDENTIFIER = me.IBBasicsTests;
				PRODUCT_NAME = "$(TARGET_NAME)";
				SWIFT_EMIT_LOC_STRINGS = NO;
				SWIFT_VERSION = 5.0;
				TARGETED_DEVICE_FAMILY = "1,2";
				TEST_HOST = "$(BUILT_PRODUCTS_DIR)/IBBasics.app/$(BUNDLE_EXECUTABLE_FOLDER_PATH)/IBBasics";
			};
			name = Release;
		};
		CC1E242E2B27C59500D43CB2 /* Debug */ = {
			isa = XCBuildConfiguration;
			buildSettings = {
				ALWAYS_EMBED_SWIFT_STANDARD_LIBRARIES = YES;
				CODE_SIGN_STYLE = Automatic;
				CURRENT_PROJECT_VERSION = 1;
				DEVELOPMENT_TEAM = ZBUXG7MTFC;
				GENERATE_INFOPLIST_FILE = YES;
				MARKETING_VERSION = 1.0;
				PRODUCT_BUNDLE_IDENTIFIER = me.IBBasicsUITests;
				PRODUCT_NAME = "$(TARGET_NAME)";
				SWIFT_EMIT_LOC_STRINGS = NO;
				SWIFT_VERSION = 5.0;
				TARGETED_DEVICE_FAMILY = "1,2";
				TEST_TARGET_NAME = IBBasics;
			};
			name = Debug;
		};
		CC1E242F2B27C59500D43CB2 /* Release */ = {
			isa = XCBuildConfiguration;
			buildSettings = {
				ALWAYS_EMBED_SWIFT_STANDARD_LIBRARIES = YES;
				CODE_SIGN_STYLE = Automatic;
				CURRENT_PROJECT_VERSION = 1;
				DEVELOPMENT_TEAM = ZBUXG7MTFC;
				GENERATE_INFOPLIST_FILE = YES;
				MARKETING_VERSION = 1.0;
				PRODUCT_BUNDLE_IDENTIFIER = me.IBBasicsUITests;
				PRODUCT_NAME = "$(TARGET_NAME)";
				SWIFT_EMIT_LOC_STRINGS = NO;
				SWIFT_VERSION = 5.0;
				TARGETED_DEVICE_FAMILY = "1,2";
				TEST_TARGET_NAME = IBBasics;
			};
			name = Release;
		};
/* End XCBuildConfiguration section */

/* Begin XCConfigurationList section */
		CC1E23F82B27C59300D43CB2 /* Build configuration list for PBXProject "IBBasics" */ = {
			isa = XCConfigurationList;
			buildConfigurations = (
				CC1E24252B27C59500D43CB2 /* Debug */,
				CC1E24262B27C59500D43CB2 /* Release */,
			);
			defaultConfigurationIsVisible = 0;
			defaultConfigurationName = Release;
		};
		CC1E24272B27C59500D43CB2 /* Build configuration list for PBXNativeTarget "IBBasics" */ = {
			isa = XCConfigurationList;
			buildConfigurations = (
				CC1E24282B27C59500D43CB2 /* Debug */,
				CC1E24292B27C59500D43CB2 /* Release */,
			);
			defaultConfigurationIsVisible = 0;
			defaultConfigurationName = Release;
		};
		CC1E242A2B27C59500D43CB2 /* Build configuration list for PBXNativeTarget "IBBasicsTests" */ = {
			isa = XCConfigurationList;
			buildConfigurations = (
				CC1E242B2B27C59500D43CB2 /* Debug */,
				CC1E242C2B27C59500D43CB2 /* Release */,
			);
			defaultConfigurationIsVisible = 0;
			defaultConfigurationName = Release;
		};
		CC1E242D2B27C59500D43CB2 /* Build configuration list for PBXNativeTarget "IBBasicsUITests" */ = {
			isa = XCConfigurationList;
			buildConfigurations = (
				CC1E242E2B27C59500D43CB2 /* Debug */,
				CC1E242F2B27C59500D43CB2 /* Release */,
			);
			defaultConfigurationIsVisible = 0;
			defaultConfigurationName = Release;
		};
/* End XCConfigurationList section */
	};
	rootObject = CC1E23F52B27C59300D43CB2 /* Project object */;
}
