// !$*UTF8*$!
{
	archiveVersion = 1;
	classes = {
	};
	objectVersion = 56;
	objects = {

/* Begin PBXBuildFile section */
		CC1E243D2B280E4F00D43CB2 /* AppDelegate.swift in Sources */ = {isa = PBXBuildFile; fileRef = CC1E243C2B280E4F00D43CB2 /* AppDelegate.swift */; };
		CC1E243F2B280E4F00D43CB2 /* SceneDelegate.swift in Sources */ = {isa = PBXBuildFile; fileRef = CC1E243E2B280E4F00D43CB2 /* SceneDelegate.swift */; };
		CC1E24412B280E4F00D43CB2 /* ViewController.swift in Sources */ = {isa = PBXBuildFile; fileRef = CC1E24402B280E4F00D43CB2 /* ViewController.swift */; };
		CC1E24442B280E4F00D43CB2 /* Main.storyboard in Resources */ = {isa = PBXBuildFile; fileRef = CC1E24422B280E4F00D43CB2 /* Main.storyboard */; };
		CC1E24462B280E5100D43CB2 /* Assets.xcassets in Resources */ = {isa = PBXBuildFile; fileRef = CC1E24452B280E5100D43CB2 /* Assets.xcassets */; };
		CC1E24492B280E5100D43CB2 /* LaunchScreen.storyboard in Resources */ = {isa = PBXBuildFile; fileRef = CC1E24472B280E5100D43CB2 /* LaunchScreen.storyboard */; };
		CC1E24542B280E5100D43CB2 /* InterfaceBuilderBasicsTests.swift in Sources */ = {isa = PBXBuildFile; fileRef = CC1E24532B280E5100D43CB2 /* InterfaceBuilderBasicsTests.swift */; };
		CC1E245E2B280E5100D43CB2 /* InterfaceBuilderBasicsUITests.swift in Sources */ = {isa = PBXBuildFile; fileRef = CC1E245D2B280E5100D43CB2 /* InterfaceBuilderBasicsUITests.swift */; };
		CC1E24602B280E5100D43CB2 /* InterfaceBuilderBasicsUITestsLaunchTests.swift in Sources */ = {isa = PBXBuildFile; fileRef = CC1E245F2B280E5100D43CB2 /* InterfaceBuilderBasicsUITestsLaunchTests.swift */; };
/* End PBXBuildFile section */

/* Begin PBXContainerItemProxy section */
		CC1E24502B280E5100D43CB2 /* PBXContainerItemProxy */ = {
			isa = PBXContainerItemProxy;
			containerPortal = CC1E24312B280E4F00D43CB2 /* Project object */;
			proxyType = 1;
			remoteGlobalIDString = CC1E24382B280E4F00D43CB2;
			remoteInfo = InterfaceBuilderBasics;
		};
		CC1E245A2B280E5100D43CB2 /* PBXContainerItemProxy */ = {
			isa = PBXContainerItemProxy;
			containerPortal = CC1E24312B280E4F00D43CB2 /* Project object */;
			proxyType = 1;
			remoteGlobalIDString = CC1E24382B280E4F00D43CB2;
			remoteInfo = InterfaceBuilderBasics;
		};
/* End PBXContainerItemProxy section */

/* Begin PBXFileReference section */
		CC1E24392B280E4F00D43CB2 /* InterfaceBuilderBasics.app */ = {isa = PBXFileReference; explicitFileType = wrapper.application; includeInIndex = 0; path = InterfaceBuilderBasics.app; sourceTree = BUILT_PRODUCTS_DIR; };
		CC1E243C2B280E4F00D43CB2 /* AppDelegate.swift */ = {isa = PBXFileReference; lastKnownFileType = sourcecode.swift; path = AppDelegate.swift; sourceTree = "<group>"; };
		CC1E243E2B280E4F00D43CB2 /* SceneDelegate.swift */ = {isa = PBXFileReference; lastKnownFileType = sourcecode.swift; path = SceneDelegate.swift; sourceTree = "<group>"; };
		CC1E24402B280E4F00D43CB2 /* ViewController.swift */ = {isa = PBXFileReference; lastKnownFileType = sourcecode.swift; path = ViewController.swift; sourceTree = "<group>"; };
		CC1E24432B280E4F00D43CB2 /* Base */ = {isa = PBXFileReference; lastKnownFileType = file.storyboard; name = Base; path = Base.lproj/Main.storyboard; sourceTree = "<group>"; };
		CC1E24452B280E5100D43CB2 /* Assets.xcassets */ = {isa = PBXFileReference; lastKnownFileType = folder.assetcatalog; path = Assets.xcassets; sourceTree = "<group>"; };
		CC1E24482B280E5100D43CB2 /* Base */ = {isa = PBXFileReference; lastKnownFileType = file.storyboard; name = Base; path = Base.lproj/LaunchScreen.storyboard; sourceTree = "<group>"; };
		CC1E244A2B280E5100D43CB2 /* Info.plist */ = {isa = PBXFileReference; lastKnownFileType = text.plist.xml; path = Info.plist; sourceTree = "<group>"; };
		CC1E244F2B280E5100D43CB2 /* InterfaceBuilderBasicsTests.xctest */ = {isa = PBXFileReference; explicitFileType = wrapper.cfbundle; includeInIndex = 0; path = InterfaceBuilderBasicsTests.xctest; sourceTree = BUILT_PRODUCTS_DIR; };
		CC1E24532B280E5100D43CB2 /* InterfaceBuilderBasicsTests.swift */ = {isa = PBXFileReference; lastKnownFileType = sourcecode.swift; path = InterfaceBuilderBasicsTests.swift; sourceTree = "<group>"; };
		CC1E24592B280E5100D43CB2 /* InterfaceBuilderBasicsUITests.xctest */ = {isa = PBXFileReference; explicitFileType = wrapper.cfbundle; includeInIndex = 0; path = InterfaceBuilderBasicsUITests.xctest; sourceTree = BUILT_PRODUCTS_DIR; };
		CC1E245D2B280E5100D43CB2 /* InterfaceBuilderBasicsUITests.swift */ = {isa = PBXFileReference; lastKnownFileType = sourcecode.swift; path = InterfaceBuilderBasicsUITests.swift; sourceTree = "<group>"; };
		CC1E245F2B280E5100D43CB2 /* InterfaceBuilderBasicsUITestsLaunchTests.swift */ = {isa = PBXFileReference; lastKnownFileType = sourcecode.swift; path = InterfaceBuilderBasicsUITestsLaunchTests.swift; sourceTree = "<group>"; };
/* End PBXFileReference section */

/* Begin PBXFrameworksBuildPhase section */
		CC1E24362B280E4F00D43CB2 /* Frameworks */ = {
			isa = PBXFrameworksBuildPhase;
			buildActionMask = 2147483647;
			files = (
			);
			runOnlyForDeploymentPostprocessing = 0;
		};
		CC1E244C2B280E5100D43CB2 /* Frameworks */ = {
			isa = PBXFrameworksBuildPhase;
			buildActionMask = 2147483647;
			files = (
			);
			runOnlyForDeploymentPostprocessing = 0;
		};
		CC1E24562B280E5100D43CB2 /* Frameworks */ = {
			isa = PBXFrameworksBuildPhase;
			buildActionMask = 2147483647;
			files = (
			);
			runOnlyForDeploymentPostprocessing = 0;
		};
/* End PBXFrameworksBuildPhase section */

/* Begin PBXGroup section */
		CC1E24302B280E4F00D43CB2 = {
			isa = PBXGroup;
			children = (
				CC1E243B2B280E4F00D43CB2 /* InterfaceBuilderBasics */,
				CC1E24522B280E5100D43CB2 /* InterfaceBuilderBasicsTests */,
				CC1E245C2B280E5100D43CB2 /* InterfaceBuilderBasicsUITests */,
				CC1E243A2B280E4F00D43CB2 /* Products */,
			);
			sourceTree = "<group>";
		};
		CC1E243A2B280E4F00D43CB2 /* Products */ = {
			isa = PBXGroup;
			children = (
				CC1E24392B280E4F00D43CB2 /* InterfaceBuilderBasics.app */,
				CC1E244F2B280E5100D43CB2 /* InterfaceBuilderBasicsTests.xctest */,
				CC1E24592B280E5100D43CB2 /* InterfaceBuilderBasicsUITests.xctest */,
			);
			name = Products;
			sourceTree = "<group>";
		};
		CC1E243B2B280E4F00D43CB2 /* InterfaceBuilderBasics */ = {
			isa = PBXGroup;
			children = (
				CC1E243C2B280E4F00D43CB2 /* AppDelegate.swift */,
				CC1E243E2B280E4F00D43CB2 /* SceneDelegate.swift */,
				CC1E24402B280E4F00D43CB2 /* ViewController.swift */,
				CC1E24422B280E4F00D43CB2 /* Main.storyboard */,
				CC1E24452B280E5100D43CB2 /* Assets.xcassets */,
				CC1E24472B280E5100D43CB2 /* LaunchScreen.storyboard */,
				CC1E244A2B280E5100D43CB2 /* Info.plist */,
			);
			path = InterfaceBuilderBasics;
			sourceTree = "<group>";
		};
		CC1E24522B280E5100D43CB2 /* InterfaceBuilderBasicsTests */ = {
			isa = PBXGroup;
			children = (
				CC1E24532B280E5100D43CB2 /* InterfaceBuilderBasicsTests.swift */,
			);
			path = InterfaceBuilderBasicsTests;
			sourceTree = "<group>";
		};
		CC1E245C2B280E5100D43CB2 /* InterfaceBuilderBasicsUITests */ = {
			isa = PBXGroup;
			children = (
				CC1E245D2B280E5100D43CB2 /* InterfaceBuilderBasicsUITests.swift */,
				CC1E245F2B280E5100D43CB2 /* InterfaceBuilderBasicsUITestsLaunchTests.swift */,
			);
			path = InterfaceBuilderBasicsUITests;
			sourceTree = "<group>";
		};
/* End PBXGroup section */

/* Begin PBXNativeTarget section */
		CC1E24382B280E4F00D43CB2 /* InterfaceBuilderBasics */ = {
			isa = PBXNativeTarget;
			buildConfigurationList = CC1E24632B280E5100D43CB2 /* Build configuration list for PBXNativeTarget "InterfaceBuilderBasics" */;
			buildPhases = (
				CC1E24352B280E4F00D43CB2 /* Sources */,
				CC1E24362B280E4F00D43CB2 /* Frameworks */,
				CC1E24372B280E4F00D43CB2 /* Resources */,
			);
			buildRules = (
			);
			dependencies = (
			);
			name = InterfaceBuilderBasics;
			productName = InterfaceBuilderBasics;
			productReference = CC1E24392B280E4F00D43CB2 /* InterfaceBuilderBasics.app */;
			productType = "com.apple.product-type.application";
		};
		CC1E244E2B280E5100D43CB2 /* InterfaceBuilderBasicsTests */ = {
			isa = PBXNativeTarget;
			buildConfigurationList = CC1E24662B280E5100D43CB2 /* Build configuration list for PBXNativeTarget "InterfaceBuilderBasicsTests" */;
			buildPhases = (
				CC1E244B2B280E5100D43CB2 /* Sources */,
				CC1E244C2B280E5100D43CB2 /* Frameworks */,
				CC1E244D2B280E5100D43CB2 /* Resources */,
			);
			buildRules = (
			);
			dependencies = (
				CC1E24512B280E5100D43CB2 /* PBXTargetDependency */,
			);
			name = InterfaceBuilderBasicsTests;
			productName = InterfaceBuilderBasicsTests;
			productReference = CC1E244F2B280E5100D43CB2 /* InterfaceBuilderBasicsTests.xctest */;
			productType = "com.apple.product-type.bundle.unit-test";
		};
		CC1E24582B280E5100D43CB2 /* InterfaceBuilderBasicsUITests */ = {
			isa = PBXNativeTarget;
			buildConfigurationList = CC1E24692B280E5100D43CB2 /* Build configuration list for PBXNativeTarget "InterfaceBuilderBasicsUITests" */;
			buildPhases = (
				CC1E24552B280E5100D43CB2 /* Sources */,
				CC1E24562B280E5100D43CB2 /* Frameworks */,
				CC1E24572B280E5100D43CB2 /* Resources */,
			);
			buildRules = (
			);
			dependencies = (
				CC1E245B2B280E5100D43CB2 /* PBXTargetDependency */,
			);
			name = InterfaceBuilderBasicsUITests;
			productName = InterfaceBuilderBasicsUITests;
			productReference = CC1E24592B280E5100D43CB2 /* InterfaceBuilderBasicsUITests.xctest */;
			productType = "com.apple.product-type.bundle.ui-testing";
		};
/* End PBXNativeTarget section */

/* Begin PBXProject section */
		CC1E24312B280E4F00D43CB2 /* Project object */ = {
			isa = PBXProject;
			attributes = {
				BuildIndependentTargetsInParallel = 1;
				LastSwiftUpdateCheck = 1500;
				LastUpgradeCheck = 1500;
				TargetAttributes = {
					CC1E24382B280E4F00D43CB2 = {
						CreatedOnToolsVersion = 15.0.1;
					};
					CC1E244E2B280E5100D43CB2 = {
						CreatedOnToolsVersion = 15.0.1;
						TestTargetID = CC1E24382B280E4F00D43CB2;
					};
					CC1E24582B280E5100D43CB2 = {
						CreatedOnToolsVersion = 15.0.1;
						TestTargetID = CC1E24382B280E4F00D43CB2;
					};
				};
			};
			buildConfigurationList = CC1E24342B280E4F00D43CB2 /* Build configuration list for PBXProject "InterfaceBuilderBasics" */;
			compatibilityVersion = "Xcode 14.0";
			developmentRegion = en;
			hasScannedForEncodings = 0;
			knownRegions = (
				en,
				Base,
			);
			mainGroup = CC1E24302B280E4F00D43CB2;
			productRefGroup = CC1E243A2B280E4F00D43CB2 /* Products */;
			projectDirPath = "";
			projectRoot = "";
			targets = (
				CC1E24382B280E4F00D43CB2 /* InterfaceBuilderBasics */,
				CC1E244E2B280E5100D43CB2 /* InterfaceBuilderBasicsTests */,
				CC1E24582B280E5100D43CB2 /* InterfaceBuilderBasicsUITests */,
			);
		};
/* End PBXProject section */

/* Begin PBXResourcesBuildPhase section */
		CC1E24372B280E4F00D43CB2 /* Resources */ = {
			isa = PBXResourcesBuildPhase;
			buildActionMask = 2147483647;
			files = (
				CC1E24492B280E5100D43CB2 /* LaunchScreen.storyboard in Resources */,
				CC1E24462B280E5100D43CB2 /* Assets.xcassets in Resources */,
				CC1E24442B280E4F00D43CB2 /* Main.storyboard in Resources */,
			);
			runOnlyForDeploymentPostprocessing = 0;
		};
		CC1E244D2B280E5100D43CB2 /* Resources */ = {
			isa = PBXResourcesBuildPhase;
			buildActionMask = 2147483647;
			files = (
			);
			runOnlyForDeploymentPostprocessing = 0;
		};
		CC1E24572B280E5100D43CB2 /* Resources */ = {
			isa = PBXResourcesBuildPhase;
			buildActionMask = 2147483647;
			files = (
			);
			runOnlyForDeploymentPostprocessing = 0;
		};
/* End PBXResourcesBuildPhase section */

/* Begin PBXSourcesBuildPhase section */
		CC1E24352B280E4F00D43CB2 /* Sources */ = {
			isa = PBXSourcesBuildPhase;
			buildActionMask = 2147483647;
			files = (
				CC1E24412B280E4F00D43CB2 /* ViewController.swift in Sources */,
				CC1E243D2B280E4F00D43CB2 /* AppDelegate.swift in Sources */,
				CC1E243F2B280E4F00D43CB2 /* SceneDelegate.swift in Sources */,
			);
			runOnlyForDeploymentPostprocessing = 0;
		};
		CC1E244B2B280E5100D43CB2 /* Sources */ = {
			isa = PBXSourcesBuildPhase;
			buildActionMask = 2147483647;
			files = (
				CC1E24542B280E5100D43CB2 /* InterfaceBuilderBasicsTests.swift in Sources */,
			);
			runOnlyForDeploymentPostprocessing = 0;
		};
		CC1E24552B280E5100D43CB2 /* Sources */ = {
			isa = PBXSourcesBuildPhase;
			buildActionMask = 2147483647;
			files = (
				CC1E245E2B280E5100D43CB2 /* InterfaceBuilderBasicsUITests.swift in Sources */,
				CC1E24602B280E5100D43CB2 /* InterfaceBuilderBasicsUITestsLaunchTests.swift in Sources */,
			);
			runOnlyForDeploymentPostprocessing = 0;
		};
/* End PBXSourcesBuildPhase section */

/* Begin PBXTargetDependency section */
		CC1E24512B280E5100D43CB2 /* PBXTargetDependency */ = {
			isa = PBXTargetDependency;
			target = CC1E24382B280E4F00D43CB2 /* InterfaceBuilderBasics */;
			targetProxy = CC1E24502B280E5100D43CB2 /* PBXContainerItemProxy */;
		};
		CC1E245B2B280E5100D43CB2 /* PBXTargetDependency */ = {
			isa = PBXTargetDependency;
			target = CC1E24382B280E4F00D43CB2 /* InterfaceBuilderBasics */;
			targetProxy = CC1E245A2B280E5100D43CB2 /* PBXContainerItemProxy */;
		};
/* End PBXTargetDependency section */

/* Begin PBXVariantGroup section */
		CC1E24422B280E4F00D43CB2 /* Main.storyboard */ = {
			isa = PBXVariantGroup;
			children = (
				CC1E24432B280E4F00D43CB2 /* Base */,
			);
			name = Main.storyboard;
			sourceTree = "<group>";
		};
		CC1E24472B280E5100D43CB2 /* LaunchScreen.storyboard */ = {
			isa = PBXVariantGroup;
			children = (
				CC1E24482B280E5100D43CB2 /* Base */,
			);
			name = LaunchScreen.storyboard;
			sourceTree = "<group>";
		};
/* End PBXVariantGroup section */

/* Begin XCBuildConfiguration section */
		CC1E24612B280E5100D43CB2 /* Debug */ = {
			isa = XCBuildConfiguration;
			buildSettings = {
				ALWAYS_SEARCH_USER_PATHS = NO;
				ASSETCATALOG_COMPILER_GENERATE_SWIFT_ASSET_SYMBOL_EXTENSIONS = YES;
				CLANG_ANALYZER_NONNULL = YES;
				CLANG_ANALYZER_NUMBER_OBJECT_CONVERSION = YES_AGGRESSIVE;
				CLANG_CXX_LANGUAGE_STANDARD = "gnu++20";
				CLANG_ENABLE_MODULES = YES;
				CLANG_ENABLE_OBJC_ARC = YES;
				CLANG_ENABLE_OBJC_WEAK = YES;
				CLANG_WARN_BLOCK_CAPTURE_AUTORELEASING = YES;
				CLANG_WARN_BOOL_CONVERSION = YES;
				CLANG_WARN_COMMA = YES;
				CLANG_WARN_CONSTANT_CONVERSION = YES;
				CLANG_WARN_DEPRECATED_OBJC_IMPLEMENTATIONS = YES;
				CLANG_WARN_DIRECT_OBJC_ISA_USAGE = YES_ERROR;
				CLANG_WARN_DOCUMENTATION_COMMENTS = YES;
				CLANG_WARN_EMPTY_BODY = YES;
				CLANG_WARN_ENUM_CONVERSION = YES;
				CLANG_WARN_INFINITE_RECURSION = YES;
				CLANG_WARN_INT_CONVERSION = YES;
				CLANG_WARN_NON_LITERAL_NULL_CONVERSION = YES;
				CLANG_WARN_OBJC_IMPLICIT_RETAIN_SELF = YES;
				CLANG_WARN_OBJC_LITERAL_CONVERSION = YES;
				CLANG_WARN_OBJC_ROOT_CLASS = YES_ERROR;
				CLANG_WARN_QUOTED_INCLUDE_IN_FRAMEWORK_HEADER = YES;
				CLANG_WARN_RANGE_LOOP_ANALYSIS = YES;
				CLANG_WARN_STRICT_PROTOTYPES = YES;
				CLANG_WARN_SUSPICIOUS_MOVE = YES;
				CLANG_WARN_UNGUARDED_AVAILABILITY = YES_AGGRESSIVE;
				CLANG_WARN_UNREACHABLE_CODE = YES;
				CLANG_WARN__DUPLICATE_METHOD_MATCH = YES;
				COPY_PHASE_STRIP = NO;
				DEBUG_INFORMATION_FORMAT = dwarf;
				ENABLE_STRICT_OBJC_MSGSEND = YES;
				ENABLE_TESTABILITY = YES;
				ENABLE_USER_SCRIPT_SANDBOXING = YES;
				GCC_C_LANGUAGE_STANDARD = gnu17;
				GCC_DYNAMIC_NO_PIC = NO;
				GCC_NO_COMMON_BLOCKS = YES;
				GCC_OPTIMIZATION_LEVEL = 0;
				GCC_PREPROCESSOR_DEFINITIONS = (
					"DEBUG=1",
					"$(inherited)",
				);
				GCC_WARN_64_TO_32_BIT_CONVERSION = YES;
				GCC_WARN_ABOUT_RETURN_TYPE = YES_ERROR;
				GCC_WARN_UNDECLARED_SELECTOR = YES;
				GCC_WARN_UNINITIALIZED_AUTOS = YES_AGGRESSIVE;
				GCC_WARN_UNUSED_FUNCTION = YES;
				GCC_WARN_UNUSED_VARIABLE = YES;
				IPHONEOS_DEPLOYMENT_TARGET = 17.0;
				LOCALIZATION_PREFERS_STRING_CATALOGS = YES;
				MTL_ENABLE_DEBUG_INFO = INCLUDE_SOURCE;
				MTL_FAST_MATH = YES;
				ONLY_ACTIVE_ARCH = YES;
				SDKROOT = iphoneos;
				SWIFT_ACTIVE_COMPILATION_CONDITIONS = "DEBUG $(inherited)";
				SWIFT_OPTIMIZATION_LEVEL = "-Onone";
			};
			name = Debug;
		};
		CC1E24622B280E5100D43CB2 /* Release */ = {
			isa = XCBuildConfiguration;
			buildSettings = {
				ALWAYS_SEARCH_USER_PATHS = NO;
				ASSETCATALOG_COMPILER_GENERATE_SWIFT_ASSET_SYMBOL_EXTENSIONS = YES;
				CLANG_ANALYZER_NONNULL = YES;
				CLANG_ANALYZER_NUMBER_OBJECT_CONVERSION = YES_AGGRESSIVE;
				CLANG_CXX_LANGUAGE_STANDARD = "gnu++20";
				CLANG_ENABLE_MODULES = YES;
				CLANG_ENABLE_OBJC_ARC = YES;
				CLANG_ENABLE_OBJC_WEAK = YES;
				CLANG_WARN_BLOCK_CAPTURE_AUTORELEASING = YES;
				CLANG_WARN_BOOL_CONVERSION = YES;
				CLANG_WARN_COMMA = YES;
				CLANG_WARN_CONSTANT_CONVERSION = YES;
				CLANG_WARN_DEPRECATED_OBJC_IMPLEMENTATIONS = YES;
				CLANG_WARN_DIRECT_OBJC_ISA_USAGE = YES_ERROR;
				CLANG_WARN_DOCUMENTATION_COMMENTS = YES;
				CLANG_WARN_EMPTY_BODY = YES;
				CLANG_WARN_ENUM_CONVERSION = YES;
				CLANG_WARN_INFINITE_RECURSION = YES;
				CLANG_WARN_INT_CONVERSION = YES;
				CLANG_WARN_NON_LITERAL_NULL_CONVERSION = YES;
				CLANG_WARN_OBJC_IMPLICIT_RETAIN_SELF = YES;
				CLANG_WARN_OBJC_LITERAL_CONVERSION = YES;
				CLANG_WARN_OBJC_ROOT_CLASS = YES_ERROR;
				CLANG_WARN_QUOTED_INCLUDE_IN_FRAMEWORK_HEADER = YES;
				CLANG_WARN_RANGE_LOOP_ANALYSIS = YES;
				CLANG_WARN_STRICT_PROTOTYPES = YES;
				CLANG_WARN_SUSPICIOUS_MOVE = YES;
				CLANG_WARN_UNGUARDED_AVAILABILITY = YES_AGGRESSIVE;
				CLANG_WARN_UNREACHABLE_CODE = YES;
				CLANG_WARN__DUPLICATE_METHOD_MATCH = YES;
				COPY_PHASE_STRIP = NO;
				DEBUG_INFORMATION_FORMAT = "dwarf-with-dsym";
				ENABLE_NS_ASSERTIONS = NO;
				ENABLE_STRICT_OBJC_MSGSEND = YES;
				ENABLE_USER_SCRIPT_SANDBOXING = YES;
				GCC_C_LANGUAGE_STANDARD = gnu17;
				GCC_NO_COMMON_BLOCKS = YES;
				GCC_WARN_64_TO_32_BIT_CONVERSION = YES;
				GCC_WARN_ABOUT_RETURN_TYPE = YES_ERROR;
				GCC_WARN_UNDECLARED_SELECTOR = YES;
				GCC_WARN_UNINITIALIZED_AUTOS = YES_AGGRESSIVE;
				GCC_WARN_UNUSED_FUNCTION = YES;
				GCC_WARN_UNUSED_VARIABLE = YES;
				IPHONEOS_DEPLOYMENT_TARGET = 17.0;
				LOCALIZATION_PREFERS_STRING_CATALOGS = YES;
				MTL_ENABLE_DEBUG_INFO = NO;
				MTL_FAST_MATH = YES;
				SDKROOT = iphoneos;
				SWIFT_COMPILATION_MODE = wholemodule;
				VALIDATE_PRODUCT = YES;
			};
			name = Release;
		};
		CC1E24642B280E5100D43CB2 /* Debug */ = {
			isa = XCBuildConfiguration;
			buildSettings = {
				ASSETCATALOG_COMPILER_APPICON_NAME = AppIcon;
				ASSETCATALOG_COMPILER_GLOBAL_ACCENT_COLOR_NAME = AccentColor;
				CODE_SIGN_STYLE = Automatic;
				CURRENT_PROJECT_VERSION = 1;
				DEVELOPMENT_TEAM = ZBUXG7MTFC;
				GENERATE_INFOPLIST_FILE = YES;
				INFOPLIST_FILE = InterfaceBuilderBasics/Info.plist;
				INFOPLIST_KEY_UIApplicationSupportsIndirectInputEvents = YES;
				INFOPLIST_KEY_UILaunchStoryboardName = LaunchScreen;
				INFOPLIST_KEY_UIMainStoryboardFile = Main;
				INFOPLIST_KEY_UISupportedInterfaceOrientations_iPad = "UIInterfaceOrientationPortrait UIInterfaceOrientationPortraitUpsideDown UIInterfaceOrientationLandscapeLeft UIInterfaceOrientationLandscapeRight";
				INFOPLIST_KEY_UISupportedInterfaceOrientations_iPhone = "UIInterfaceOrientationPortrait UIInterfaceOrientationLandscapeLeft UIInterfaceOrientationLandscapeRight";
				LD_RUNPATH_SEARCH_PATHS = (
					"$(inherited)",
					"@executable_path/Frameworks",
				);
				MARKETING_VERSION = 1.0;
				PRODUCT_BUNDLE_IDENTIFIER = me.InterfaceBuilderBasics;
				PRODUCT_NAME = "$(TARGET_NAME)";
				SWIFT_EMIT_LOC_STRINGS = YES;
				SWIFT_VERSION = 5.0;
				TARGETED_DEVICE_FAMILY = "1,2";
			};
			name = Debug;
		};
		CC1E24652B280E5100D43CB2 /* Release */ = {
			isa = XCBuildConfiguration;
			buildSettings = {
				ASSETCATALOG_COMPILER_APPICON_NAME = AppIcon;
				ASSETCATALOG_COMPILER_GLOBAL_ACCENT_COLOR_NAME = AccentColor;
				CODE_SIGN_STYLE = Automatic;
				CURRENT_PROJECT_VERSION = 1;
				DEVELOPMENT_TEAM = ZBUXG7MTFC;
				GENERATE_INFOPLIST_FILE = YES;
				INFOPLIST_FILE = InterfaceBuilderBasics/Info.plist;
				INFOPLIST_KEY_UIApplicationSupportsIndirectInputEvents = YES;
				INFOPLIST_KEY_UILaunchStoryboardName = LaunchScreen;
				INFOPLIST_KEY_UIMainStoryboardFile = Main;
				INFOPLIST_KEY_UISupportedInterfaceOrientations_iPad = "UIInterfaceOrientationPortrait UIInterfaceOrientationPortraitUpsideDown UIInterfaceOrientationLandscapeLeft UIInterfaceOrientationLandscapeRight";
				INFOPLIST_KEY_UISupportedInterfaceOrientations_iPhone = "UIInterfaceOrientationPortrait UIInterfaceOrientationLandscapeLeft UIInterfaceOrientationLandscapeRight";
				LD_RUNPATH_SEARCH_PATHS = (
					"$(inherited)",
					"@executable_path/Frameworks",
				);
				MARKETING_VERSION = 1.0;
				PRODUCT_BUNDLE_IDENTIFIER = me.InterfaceBuilderBasics;
				PRODUCT_NAME = "$(TARGET_NAME)";
				SWIFT_EMIT_LOC_STRINGS = YES;
				SWIFT_VERSION = 5.0;
				TARGETED_DEVICE_FAMILY = "1,2";
			};
			name = Release;
		};
		CC1E24672B280E5100D43CB2 /* Debug */ = {
			isa = XCBuildConfiguration;
			buildSettings = {
				ALWAYS_EMBED_SWIFT_STANDARD_LIBRARIES = YES;
				BUNDLE_LOADER = "$(TEST_HOST)";
				CODE_SIGN_STYLE = Automatic;
				CURRENT_PROJECT_VERSION = 1;
				DEVELOPMENT_TEAM = ZBUXG7MTFC;
				GENERATE_INFOPLIST_FILE = YES;
				IPHONEOS_DEPLOYMENT_TARGET = 17.0;
				MARKETING_VERSION = 1.0;
				PRODUCT_BUNDLE_IDENTIFIER = me.InterfaceBuilderBasicsTests;
				PRODUCT_NAME = "$(TARGET_NAME)";
				SWIFT_EMIT_LOC_STRINGS = NO;
				SWIFT_VERSION = 5.0;
				TARGETED_DEVICE_FAMILY = "1,2";
				TEST_HOST = "$(BUILT_PRODUCTS_DIR)/InterfaceBuilderBasics.app/$(BUNDLE_EXECUTABLE_FOLDER_PATH)/InterfaceBuilderBasics";
			};
			name = Debug;
		};
		CC1E24682B280E5100D43CB2 /* Release */ = {
			isa = XCBuildConfiguration;
			buildSettings = {
				ALWAYS_EMBED_SWIFT_STANDARD_LIBRARIES = YES;
				BUNDLE_LOADER = "$(TEST_HOST)";
				CODE_SIGN_STYLE = Automatic;
				CURRENT_PROJECT_VERSION = 1;
				DEVELOPMENT_TEAM = ZBUXG7MTFC;
				GENERATE_INFOPLIST_FILE = YES;
				IPHONEOS_DEPLOYMENT_TARGET = 17.0;
				MARKETING_VERSION = 1.0;
				PRODUCT_BUNDLE_IDENTIFIER = me.InterfaceBuilderBasicsTests;
				PRODUCT_NAME = "$(TARGET_NAME)";
				SWIFT_EMIT_LOC_STRINGS = NO;
				SWIFT_VERSION = 5.0;
				TARGETED_DEVICE_FAMILY = "1,2";
				TEST_HOST = "$(BUILT_PRODUCTS_DIR)/InterfaceBuilderBasics.app/$(BUNDLE_EXECUTABLE_FOLDER_PATH)/InterfaceBuilderBasics";
			};
			name = Release;
		};
		CC1E246A2B280E5100D43CB2 /* Debug */ = {
			isa = XCBuildConfiguration;
			buildSettings = {
				ALWAYS_EMBED_SWIFT_STANDARD_LIBRARIES = YES;
				CODE_SIGN_STYLE = Automatic;
				CURRENT_PROJECT_VERSION = 1;
				DEVELOPMENT_TEAM = ZBUXG7MTFC;
				GENERATE_INFOPLIST_FILE = YES;
				MARKETING_VERSION = 1.0;
				PRODUCT_BUNDLE_IDENTIFIER = me.InterfaceBuilderBasicsUITests;
				PRODUCT_NAME = "$(TARGET_NAME)";
				SWIFT_EMIT_LOC_STRINGS = NO;
				SWIFT_VERSION = 5.0;
				TARGETED_DEVICE_FAMILY = "1,2";
				TEST_TARGET_NAME = InterfaceBuilderBasics;
			};
			name = Debug;
		};
		CC1E246B2B280E5100D43CB2 /* Release */ = {
			isa = XCBuildConfiguration;
			buildSettings = {
				ALWAYS_EMBED_SWIFT_STANDARD_LIBRARIES = YES;
				CODE_SIGN_STYLE = Automatic;
				CURRENT_PROJECT_VERSION = 1;
				DEVELOPMENT_TEAM = ZBUXG7MTFC;
				GENERATE_INFOPLIST_FILE = YES;
				MARKETING_VERSION = 1.0;
				PRODUCT_BUNDLE_IDENTIFIER = me.InterfaceBuilderBasicsUITests;
				PRODUCT_NAME = "$(TARGET_NAME)";
				SWIFT_EMIT_LOC_STRINGS = NO;
				SWIFT_VERSION = 5.0;
				TARGETED_DEVICE_FAMILY = "1,2";
				TEST_TARGET_NAME = InterfaceBuilderBasics;
			};
			name = Release;
		};
/* End XCBuildConfiguration section */

/* Begin XCConfigurationList section */
		CC1E24342B280E4F00D43CB2 /* Build configuration list for PBXProject "InterfaceBuilderBasics" */ = {
			isa = XCConfigurationList;
			buildConfigurations = (
				CC1E24612B280E5100D43CB2 /* Debug */,
				CC1E24622B280E5100D43CB2 /* Release */,
			);
			defaultConfigurationIsVisible = 0;
			defaultConfigurationName = Release;
		};
		CC1E24632B280E5100D43CB2 /* Build configuration list for PBXNativeTarget "InterfaceBuilderBasics" */ = {
			isa = XCConfigurationList;
			buildConfigurations = (
				CC1E24642B280E5100D43CB2 /* Debug */,
				CC1E24652B280E5100D43CB2 /* Release */,
			);
			defaultConfigurationIsVisible = 0;
			defaultConfigurationName = Release;
		};
		CC1E24662B280E5100D43CB2 /* Build configuration list for PBXNativeTarget "InterfaceBuilderBasicsTests" */ = {
			isa = XCConfigurationList;
			buildConfigurations = (
				CC1E24672B280E5100D43CB2 /* Debug */,
				CC1E24682B280E5100D43CB2 /* Release */,
			);
			defaultConfigurationIsVisible = 0;
			defaultConfigurationName = Release;
		};
		CC1E24692B280E5100D43CB2 /* Build configuration list for PBXNativeTarget "InterfaceBuilderBasicsUITests" */ = {
			isa = XCConfigurationList;
			buildConfigurations = (
				CC1E246A2B280E5100D43CB2 /* Debug */,
				CC1E246B2B280E5100D43CB2 /* Release */,
			);
			defaultConfigurationIsVisible = 0;
			defaultConfigurationName = Release;
		};
/* End XCConfigurationList section */
	};
	rootObject = CC1E24312B280E4F00D43CB2 /* Project object */;
}
