// !$*UTF8*$!
{
	archiveVersion = 1;
	classes = {
	};
	objectVersion = 56;
	objects = {

/* Begin PBXBuildFile section */
		CCF612FD2B2D129C001D2DA4 /* AppDelegate.swift in Sources */ = {isa = PBXBuildFile; fileRef = CCF612FC2B2D129C001D2DA4 /* AppDelegate.swift */; };
		CCF612FF2B2D129C001D2DA4 /* SceneDelegate.swift in Sources */ = {isa = PBXBuildFile; fileRef = CCF612FE2B2D129C001D2DA4 /* SceneDelegate.swift */; };
		CCF613012B2D129C001D2DA4 /* ViewController.swift in Sources */ = {isa = PBXBuildFile; fileRef = CCF613002B2D129C001D2DA4 /* ViewController.swift */; };
		CCF613042B2D129C001D2DA4 /* Main.storyboard in Resources */ = {isa = PBXBuildFile; fileRef = CCF613022B2D129C001D2DA4 /* Main.storyboard */; };
		CCF613062B2D129D001D2DA4 /* Assets.xcassets in Resources */ = {isa = PBXBuildFile; fileRef = CCF613052B2D129D001D2DA4 /* Assets.xcassets */; };
		CCF613092B2D129D001D2DA4 /* LaunchScreen.storyboard in Resources */ = {isa = PBXBuildFile; fileRef = CCF613072B2D129D001D2DA4 /* LaunchScreen.storyboard */; };
		CCF613142B2D129E001D2DA4 /* LightTests.swift in Sources */ = {isa = PBXBuildFile; fileRef = CCF613132B2D129E001D2DA4 /* LightTests.swift */; };
		CCF6131E2B2D129E001D2DA4 /* LightUITests.swift in Sources */ = {isa = PBXBuildFile; fileRef = CCF6131D2B2D129E001D2DA4 /* LightUITests.swift */; };
		CCF613202B2D129E001D2DA4 /* LightUITestsLaunchTests.swift in Sources */ = {isa = PBXBuildFile; fileRef = CCF6131F2B2D129E001D2DA4 /* LightUITestsLaunchTests.swift */; };
/* End PBXBuildFile section */

/* Begin PBXContainerItemProxy section */
		CCF613102B2D129E001D2DA4 /* PBXContainerItemProxy */ = {
			isa = PBXContainerItemProxy;
			containerPortal = CCF612F12B2D129C001D2DA4 /* Project object */;
			proxyType = 1;
			remoteGlobalIDString = CCF612F82B2D129C001D2DA4;
			remoteInfo = Light;
		};
		CCF6131A2B2D129E001D2DA4 /* PBXContainerItemProxy */ = {
			isa = PBXContainerItemProxy;
			containerPortal = CCF612F12B2D129C001D2DA4 /* Project object */;
			proxyType = 1;
			remoteGlobalIDString = CCF612F82B2D129C001D2DA4;
			remoteInfo = Light;
		};
/* End PBXContainerItemProxy section */

/* Begin PBXFileReference section */
		CCF612F92B2D129C001D2DA4 /* Light.app */ = {isa = PBXFileReference; explicitFileType = wrapper.application; includeInIndex = 0; path = Light.app; sourceTree = BUILT_PRODUCTS_DIR; };
		CCF612FC2B2D129C001D2DA4 /* AppDelegate.swift */ = {isa = PBXFileReference; lastKnownFileType = sourcecode.swift; path = AppDelegate.swift; sourceTree = "<group>"; };
		CCF612FE2B2D129C001D2DA4 /* SceneDelegate.swift */ = {isa = PBXFileReference; lastKnownFileType = sourcecode.swift; path = SceneDelegate.swift; sourceTree = "<group>"; };
		CCF613002B2D129C001D2DA4 /* ViewController.swift */ = {isa = PBXFileReference; lastKnownFileType = sourcecode.swift; path = ViewController.swift; sourceTree = "<group>"; };
		CCF613032B2D129C001D2DA4 /* Base */ = {isa = PBXFileReference; lastKnownFileType = file.storyboard; name = Base; path = Base.lproj/Main.storyboard; sourceTree = "<group>"; };
		CCF613052B2D129D001D2DA4 /* Assets.xcassets */ = {isa = PBXFileReference; lastKnownFileType = folder.assetcatalog; path = Assets.xcassets; sourceTree = "<group>"; };
		CCF613082B2D129D001D2DA4 /* Base */ = {isa = PBXFileReference; lastKnownFileType = file.storyboard; name = Base; path = Base.lproj/LaunchScreen.storyboard; sourceTree = "<group>"; };
		CCF6130A2B2D129D001D2DA4 /* Info.plist */ = {isa = PBXFileReference; lastKnownFileType = text.plist.xml; path = Info.plist; sourceTree = "<group>"; };
		CCF6130F2B2D129E001D2DA4 /* LightTests.xctest */ = {isa = PBXFileReference; explicitFileType = wrapper.cfbundle; includeInIndex = 0; path = LightTests.xctest; sourceTree = BUILT_PRODUCTS_DIR; };
		CCF613132B2D129E001D2DA4 /* LightTests.swift */ = {isa = PBXFileReference; lastKnownFileType = sourcecode.swift; path = LightTests.swift; sourceTree = "<group>"; };
		CCF613192B2D129E001D2DA4 /* LightUITests.xctest */ = {isa = PBXFileReference; explicitFileType = wrapper.cfbundle; includeInIndex = 0; path = LightUITests.xctest; sourceTree = BUILT_PRODUCTS_DIR; };
		CCF6131D2B2D129E001D2DA4 /* LightUITests.swift */ = {isa = PBXFileReference; lastKnownFileType = sourcecode.swift; path = LightUITests.swift; sourceTree = "<group>"; };
		CCF6131F2B2D129E001D2DA4 /* LightUITestsLaunchTests.swift */ = {isa = PBXFileReference; lastKnownFileType = sourcecode.swift; path = LightUITestsLaunchTests.swift; sourceTree = "<group>"; };
/* End PBXFileReference section */

/* Begin PBXFrameworksBuildPhase section */
		CCF612F62B2D129C001D2DA4 /* Frameworks */ = {
			isa = PBXFrameworksBuildPhase;
			buildActionMask = 2147483647;
			files = (
			);
			runOnlyForDeploymentPostprocessing = 0;
		};
		CCF6130C2B2D129E001D2DA4 /* Frameworks */ = {
			isa = PBXFrameworksBuildPhase;
			buildActionMask = 2147483647;
			files = (
			);
			runOnlyForDeploymentPostprocessing = 0;
		};
		CCF613162B2D129E001D2DA4 /* Frameworks */ = {
			isa = PBXFrameworksBuildPhase;
			buildActionMask = 2147483647;
			files = (
			);
			runOnlyForDeploymentPostprocessing = 0;
		};
/* End PBXFrameworksBuildPhase section */

/* Begin PBXGroup section */
		CCF612F02B2D129C001D2DA4 = {
			isa = PBXGroup;
			children = (
				CCF612FB2B2D129C001D2DA4 /* Light */,
				CCF613122B2D129E001D2DA4 /* LightTests */,
				CCF6131C2B2D129E001D2DA4 /* LightUITests */,
				CCF612FA2B2D129C001D2DA4 /* Products */,
			);
			sourceTree = "<group>";
		};
		CCF612FA2B2D129C001D2DA4 /* Products */ = {
			isa = PBXGroup;
			children = (
				CCF612F92B2D129C001D2DA4 /* Light.app */,
				CCF6130F2B2D129E001D2DA4 /* LightTests.xctest */,
				CCF613192B2D129E001D2DA4 /* LightUITests.xctest */,
			);
			name = Products;
			sourceTree = "<group>";
		};
		CCF612FB2B2D129C001D2DA4 /* Light */ = {
			isa = PBXGroup;
			children = (
				CCF612FC2B2D129C001D2DA4 /* AppDelegate.swift */,
				CCF612FE2B2D129C001D2DA4 /* SceneDelegate.swift */,
				CCF613002B2D129C001D2DA4 /* ViewController.swift */,
				CCF613022B2D129C001D2DA4 /* Main.storyboard */,
				CCF613052B2D129D001D2DA4 /* Assets.xcassets */,
				CCF613072B2D129D001D2DA4 /* LaunchScreen.storyboard */,
				CCF6130A2B2D129D001D2DA4 /* Info.plist */,
			);
			path = Light;
			sourceTree = "<group>";
		};
		CCF613122B2D129E001D2DA4 /* LightTests */ = {
			isa = PBXGroup;
			children = (
				CCF613132B2D129E001D2DA4 /* LightTests.swift */,
			);
			path = LightTests;
			sourceTree = "<group>";
		};
		CCF6131C2B2D129E001D2DA4 /* LightUITests */ = {
			isa = PBXGroup;
			children = (
				CCF6131D2B2D129E001D2DA4 /* LightUITests.swift */,
				CCF6131F2B2D129E001D2DA4 /* LightUITestsLaunchTests.swift */,
			);
			path = LightUITests;
			sourceTree = "<group>";
		};
/* End PBXGroup section */

/* Begin PBXNativeTarget section */
		CCF612F82B2D129C001D2DA4 /* Light */ = {
			isa = PBXNativeTarget;
			buildConfigurationList = CCF613232B2D129E001D2DA4 /* Build configuration list for PBXNativeTarget "Light" */;
			buildPhases = (
				CCF612F52B2D129C001D2DA4 /* Sources */,
				CCF612F62B2D129C001D2DA4 /* Frameworks */,
				CCF612F72B2D129C001D2DA4 /* Resources */,
			);
			buildRules = (
			);
			dependencies = (
			);
			name = Light;
			productName = Light;
			productReference = CCF612F92B2D129C001D2DA4 /* Light.app */;
			productType = "com.apple.product-type.application";
		};
		CCF6130E2B2D129E001D2DA4 /* LightTests */ = {
			isa = PBXNativeTarget;
			buildConfigurationList = CCF613262B2D129E001D2DA4 /* Build configuration list for PBXNativeTarget "LightTests" */;
			buildPhases = (
				CCF6130B2B2D129E001D2DA4 /* Sources */,
				CCF6130C2B2D129E001D2DA4 /* Frameworks */,
				CCF6130D2B2D129E001D2DA4 /* Resources */,
			);
			buildRules = (
			);
			dependencies = (
				CCF613112B2D129E001D2DA4 /* PBXTargetDependency */,
			);
			name = LightTests;
			productName = LightTests;
			productReference = CCF6130F2B2D129E001D2DA4 /* LightTests.xctest */;
			productType = "com.apple.product-type.bundle.unit-test";
		};
		CCF613182B2D129E001D2DA4 /* LightUITests */ = {
			isa = PBXNativeTarget;
			buildConfigurationList = CCF613292B2D129E001D2DA4 /* Build configuration list for PBXNativeTarget "LightUITests" */;
			buildPhases = (
				CCF613152B2D129E001D2DA4 /* Sources */,
				CCF613162B2D129E001D2DA4 /* Frameworks */,
				CCF613172B2D129E001D2DA4 /* Resources */,
			);
			buildRules = (
			);
			dependencies = (
				CCF6131B2B2D129E001D2DA4 /* PBXTargetDependency */,
			);
			name = LightUITests;
			productName = LightUITests;
			productReference = CCF613192B2D129E001D2DA4 /* LightUITests.xctest */;
			productType = "com.apple.product-type.bundle.ui-testing";
		};
/* End PBXNativeTarget section */

/* Begin PBXProject section */
		CCF612F12B2D129C001D2DA4 /* Project object */ = {
			isa = PBXProject;
			attributes = {
				BuildIndependentTargetsInParallel = 1;
				LastSwiftUpdateCheck = 1510;
				LastUpgradeCheck = 1510;
				TargetAttributes = {
					CCF612F82B2D129C001D2DA4 = {
						CreatedOnToolsVersion = 15.1;
					};
					CCF6130E2B2D129E001D2DA4 = {
						CreatedOnToolsVersion = 15.1;
						TestTargetID = CCF612F82B2D129C001D2DA4;
					};
					CCF613182B2D129E001D2DA4 = {
						CreatedOnToolsVersion = 15.1;
						TestTargetID = CCF612F82B2D129C001D2DA4;
					};
				};
			};
			buildConfigurationList = CCF612F42B2D129C001D2DA4 /* Build configuration list for PBXProject "Light" */;
			compatibilityVersion = "Xcode 14.0";
			developmentRegion = en;
			hasScannedForEncodings = 0;
			knownRegions = (
				en,
				Base,
			);
			mainGroup = CCF612F02B2D129C001D2DA4;
			productRefGroup = CCF612FA2B2D129C001D2DA4 /* Products */;
			projectDirPath = "";
			projectRoot = "";
			targets = (
				CCF612F82B2D129C001D2DA4 /* Light */,
				CCF6130E2B2D129E001D2DA4 /* LightTests */,
				CCF613182B2D129E001D2DA4 /* LightUITests */,
			);
		};
/* End PBXProject section */

/* Begin PBXResourcesBuildPhase section */
		CCF612F72B2D129C001D2DA4 /* Resources */ = {
			isa = PBXResourcesBuildPhase;
			buildActionMask = 2147483647;
			files = (
				CCF613092B2D129D001D2DA4 /* LaunchScreen.storyboard in Resources */,
				CCF613062B2D129D001D2DA4 /* Assets.xcassets in Resources */,
				CCF613042B2D129C001D2DA4 /* Main.storyboard in Resources */,
			);
			runOnlyForDeploymentPostprocessing = 0;
		};
		CCF6130D2B2D129E001D2DA4 /* Resources */ = {
			isa = PBXResourcesBuildPhase;
			buildActionMask = 2147483647;
			files = (
			);
			runOnlyForDeploymentPostprocessing = 0;
		};
		CCF613172B2D129E001D2DA4 /* Resources */ = {
			isa = PBXResourcesBuildPhase;
			buildActionMask = 2147483647;
			files = (
			);
			runOnlyForDeploymentPostprocessing = 0;
		};
/* End PBXResourcesBuildPhase section */

/* Begin PBXSourcesBuildPhase section */
		CCF612F52B2D129C001D2DA4 /* Sources */ = {
			isa = PBXSourcesBuildPhase;
			buildActionMask = 2147483647;
			files = (
				CCF613012B2D129C001D2DA4 /* ViewController.swift in Sources */,
				CCF612FD2B2D129C001D2DA4 /* AppDelegate.swift in Sources */,
				CCF612FF2B2D129C001D2DA4 /* SceneDelegate.swift in Sources */,
			);
			runOnlyForDeploymentPostprocessing = 0;
		};
		CCF6130B2B2D129E001D2DA4 /* Sources */ = {
			isa = PBXSourcesBuildPhase;
			buildActionMask = 2147483647;
			files = (
				CCF613142B2D129E001D2DA4 /* LightTests.swift in Sources */,
			);
			runOnlyForDeploymentPostprocessing = 0;
		};
		CCF613152B2D129E001D2DA4 /* Sources */ = {
			isa = PBXSourcesBuildPhase;
			buildActionMask = 2147483647;
			files = (
				CCF6131E2B2D129E001D2DA4 /* LightUITests.swift in Sources */,
				CCF613202B2D129E001D2DA4 /* LightUITestsLaunchTests.swift in Sources */,
			);
			runOnlyForDeploymentPostprocessing = 0;
		};
/* End PBXSourcesBuildPhase section */

/* Begin PBXTargetDependency section */
		CCF613112B2D129E001D2DA4 /* PBXTargetDependency */ = {
			isa = PBXTargetDependency;
			target = CCF612F82B2D129C001D2DA4 /* Light */;
			targetProxy = CCF613102B2D129E001D2DA4 /* PBXContainerItemProxy */;
		};
		CCF6131B2B2D129E001D2DA4 /* PBXTargetDependency */ = {
			isa = PBXTargetDependency;
			target = CCF612F82B2D129C001D2DA4 /* Light */;
			targetProxy = CCF6131A2B2D129E001D2DA4 /* PBXContainerItemProxy */;
		};
/* End PBXTargetDependency section */

/* Begin PBXVariantGroup section */
		CCF613022B2D129C001D2DA4 /* Main.storyboard */ = {
			isa = PBXVariantGroup;
			children = (
				CCF613032B2D129C001D2DA4 /* Base */,
			);
			name = Main.storyboard;
			sourceTree = "<group>";
		};
		CCF613072B2D129D001D2DA4 /* LaunchScreen.storyboard */ = {
			isa = PBXVariantGroup;
			children = (
				CCF613082B2D129D001D2DA4 /* Base */,
			);
			name = LaunchScreen.storyboard;
			sourceTree = "<group>";
		};
/* End PBXVariantGroup section */

/* Begin XCBuildConfiguration section */
		CCF613212B2D129E001D2DA4 /* Debug */ = {
			isa = XCBuildConfiguration;
			buildSettings = {
				ALWAYS_SEARCH_USER_PATHS = NO;
				ASSETCATALOG_COMPILER_GENERATE_SWIFT_ASSET_SYMBOL_EXTENSIONS = YES;
				CLANG_ANALYZER_NONNULL = YES;
				CLANG_ANALYZER_NUMBER_OBJECT_CONVERSION = YES_AGGRESSIVE;
				CLANG_CXX_LANGUAGE_STANDARD = "gnu++20";
				CLANG_ENABLE_MODULES = YES;
				CLANG_ENABLE_OBJC_ARC = YES;
				CLANG_ENABLE_OBJC_WEAK = YES;
				CLANG_WARN_BLOCK_CAPTURE_AUTORELEASING = YES;
				CLANG_WARN_BOOL_CONVERSION = YES;
				CLANG_WARN_COMMA = YES;
				CLANG_WARN_CONSTANT_CONVERSION = YES;
				CLANG_WARN_DEPRECATED_OBJC_IMPLEMENTATIONS = YES;
				CLANG_WARN_DIRECT_OBJC_ISA_USAGE = YES_ERROR;
				CLANG_WARN_DOCUMENTATION_COMMENTS = YES;
				CLANG_WARN_EMPTY_BODY = YES;
				CLANG_WARN_ENUM_CONVERSION = YES;
				CLANG_WARN_INFINITE_RECURSION = YES;
				CLANG_WARN_INT_CONVERSION = YES;
				CLANG_WARN_NON_LITERAL_NULL_CONVERSION = YES;
				CLANG_WARN_OBJC_IMPLICIT_RETAIN_SELF = YES;
				CLANG_WARN_OBJC_LITERAL_CONVERSION = YES;
				CLANG_WARN_OBJC_ROOT_CLASS = YES_ERROR;
				CLANG_WARN_QUOTED_INCLUDE_IN_FRAMEWORK_HEADER = YES;
				CLANG_WARN_RANGE_LOOP_ANALYSIS = YES;
				CLANG_WARN_STRICT_PROTOTYPES = YES;
				CLANG_WARN_SUSPICIOUS_MOVE = YES;
				CLANG_WARN_UNGUARDED_AVAILABILITY = YES_AGGRESSIVE;
				CLANG_WARN_UNREACHABLE_CODE = YES;
				CLANG_WARN__DUPLICATE_METHOD_MATCH = YES;
				COPY_PHASE_STRIP = NO;
				DEBUG_INFORMATION_FORMAT = dwarf;
				ENABLE_STRICT_OBJC_MSGSEND = YES;
				ENABLE_TESTABILITY = YES;
				ENABLE_USER_SCRIPT_SANDBOXING = YES;
				GCC_C_LANGUAGE_STANDARD = gnu17;
				GCC_DYNAMIC_NO_PIC = NO;
				GCC_NO_COMMON_BLOCKS = YES;
				GCC_OPTIMIZATION_LEVEL = 0;
				GCC_PREPROCESSOR_DEFINITIONS = (
					"DEBUG=1",
					"$(inherited)",
				);
				GCC_WARN_64_TO_32_BIT_CONVERSION = YES;
				GCC_WARN_ABOUT_RETURN_TYPE = YES_ERROR;
				GCC_WARN_UNDECLARED_SELECTOR = YES;
				GCC_WARN_UNINITIALIZED_AUTOS = YES_AGGRESSIVE;
				GCC_WARN_UNUSED_FUNCTION = YES;
				GCC_WARN_UNUSED_VARIABLE = YES;
				IPHONEOS_DEPLOYMENT_TARGET = 17.2;
				LOCALIZATION_PREFERS_STRING_CATALOGS = YES;
				MTL_ENABLE_DEBUG_INFO = INCLUDE_SOURCE;
				MTL_FAST_MATH = YES;
				ONLY_ACTIVE_ARCH = YES;
				SDKROOT = iphoneos;
				SWIFT_ACTIVE_COMPILATION_CONDITIONS = "DEBUG $(inherited)";
				SWIFT_OPTIMIZATION_LEVEL = "-Onone";
			};
			name = Debug;
		};
		CCF613222B2D129E001D2DA4 /* Release */ = {
			isa = XCBuildConfiguration;
			buildSettings = {
				ALWAYS_SEARCH_USER_PATHS = NO;
				ASSETCATALOG_COMPILER_GENERATE_SWIFT_ASSET_SYMBOL_EXTENSIONS = YES;
				CLANG_ANALYZER_NONNULL = YES;
				CLANG_ANALYZER_NUMBER_OBJECT_CONVERSION = YES_AGGRESSIVE;
				CLANG_CXX_LANGUAGE_STANDARD = "gnu++20";
				CLANG_ENABLE_MODULES = YES;
				CLANG_ENABLE_OBJC_ARC = YES;
				CLANG_ENABLE_OBJC_WEAK = YES;
				CLANG_WARN_BLOCK_CAPTURE_AUTORELEASING = YES;
				CLANG_WARN_BOOL_CONVERSION = YES;
				CLANG_WARN_COMMA = YES;
				CLANG_WARN_CONSTANT_CONVERSION = YES;
				CLANG_WARN_DEPRECATED_OBJC_IMPLEMENTATIONS = YES;
				CLANG_WARN_DIRECT_OBJC_ISA_USAGE = YES_ERROR;
				CLANG_WARN_DOCUMENTATION_COMMENTS = YES;
				CLANG_WARN_EMPTY_BODY = YES;
				CLANG_WARN_ENUM_CONVERSION = YES;
				CLANG_WARN_INFINITE_RECURSION = YES;
				CLANG_WARN_INT_CONVERSION = YES;
				CLANG_WARN_NON_LITERAL_NULL_CONVERSION = YES;
				CLANG_WARN_OBJC_IMPLICIT_RETAIN_SELF = YES;
				CLANG_WARN_OBJC_LITERAL_CONVERSION = YES;
				CLANG_WARN_OBJC_ROOT_CLASS = YES_ERROR;
				CLANG_WARN_QUOTED_INCLUDE_IN_FRAMEWORK_HEADER = YES;
				CLANG_WARN_RANGE_LOOP_ANALYSIS = YES;
				CLANG_WARN_STRICT_PROTOTYPES = YES;
				CLANG_WARN_SUSPICIOUS_MOVE = YES;
				CLANG_WARN_UNGUARDED_AVAILABILITY = YES_AGGRESSIVE;
				CLANG_WARN_UNREACHABLE_CODE = YES;
				CLANG_WARN__DUPLICATE_METHOD_MATCH = YES;
				COPY_PHASE_STRIP = NO;
				DEBUG_INFORMATION_FORMAT = "dwarf-with-dsym";
				ENABLE_NS_ASSERTIONS = NO;
				ENABLE_STRICT_OBJC_MSGSEND = YES;
				ENABLE_USER_SCRIPT_SANDBOXING = YES;
				GCC_C_LANGUAGE_STANDARD = gnu17;
				GCC_NO_COMMON_BLOCKS = YES;
				GCC_WARN_64_TO_32_BIT_CONVERSION = YES;
				GCC_WARN_ABOUT_RETURN_TYPE = YES_ERROR;
				GCC_WARN_UNDECLARED_SELECTOR = YES;
				GCC_WARN_UNINITIALIZED_AUTOS = YES_AGGRESSIVE;
				GCC_WARN_UNUSED_FUNCTION = YES;
				GCC_WARN_UNUSED_VARIABLE = YES;
				IPHONEOS_DEPLOYMENT_TARGET = 17.2;
				LOCALIZATION_PREFERS_STRING_CATALOGS = YES;
				MTL_ENABLE_DEBUG_INFO = NO;
				MTL_FAST_MATH = YES;
				SDKROOT = iphoneos;
				SWIFT_COMPILATION_MODE = wholemodule;
				VALIDATE_PRODUCT = YES;
			};
			name = Release;
		};
		CCF613242B2D129E001D2DA4 /* Debug */ = {
			isa = XCBuildConfiguration;
			buildSettings = {
				ASSETCATALOG_COMPILER_APPICON_NAME = AppIcon;
				ASSETCATALOG_COMPILER_GLOBAL_ACCENT_COLOR_NAME = AccentColor;
				CODE_SIGN_STYLE = Automatic;
				CURRENT_PROJECT_VERSION = 1;
				DEVELOPMENT_TEAM = ZBUXG7MTFC;
				GENERATE_INFOPLIST_FILE = YES;
				INFOPLIST_FILE = Light/Info.plist;
				INFOPLIST_KEY_UIApplicationSupportsIndirectInputEvents = YES;
				INFOPLIST_KEY_UILaunchStoryboardName = LaunchScreen;
				INFOPLIST_KEY_UIMainStoryboardFile = Main;
				INFOPLIST_KEY_UISupportedInterfaceOrientations_iPad = "UIInterfaceOrientationPortrait UIInterfaceOrientationPortraitUpsideDown UIInterfaceOrientationLandscapeLeft UIInterfaceOrientationLandscapeRight";
				INFOPLIST_KEY_UISupportedInterfaceOrientations_iPhone = "UIInterfaceOrientationPortrait UIInterfaceOrientationLandscapeLeft UIInterfaceOrientationLandscapeRight";
				LD_RUNPATH_SEARCH_PATHS = (
					"$(inherited)",
					"@executable_path/Frameworks",
				);
				MARKETING_VERSION = 1.0;
				PRODUCT_BUNDLE_IDENTIFIER = Devere.Light;
				PRODUCT_NAME = "$(TARGET_NAME)";
				SWIFT_EMIT_LOC_STRINGS = YES;
				SWIFT_VERSION = 5.0;
				TARGETED_DEVICE_FAMILY = "1,2";
			};
			name = Debug;
		};
		CCF613252B2D129E001D2DA4 /* Release */ = {
			isa = XCBuildConfiguration;
			buildSettings = {
				ASSETCATALOG_COMPILER_APPICON_NAME = AppIcon;
				ASSETCATALOG_COMPILER_GLOBAL_ACCENT_COLOR_NAME = AccentColor;
				CODE_SIGN_STYLE = Automatic;
				CURRENT_PROJECT_VERSION = 1;
				DEVELOPMENT_TEAM = ZBUXG7MTFC;
				GENERATE_INFOPLIST_FILE = YES;
				INFOPLIST_FILE = Light/Info.plist;
				INFOPLIST_KEY_UIApplicationSupportsIndirectInputEvents = YES;
				INFOPLIST_KEY_UILaunchStoryboardName = LaunchScreen;
				INFOPLIST_KEY_UIMainStoryboardFile = Main;
				INFOPLIST_KEY_UISupportedInterfaceOrientations_iPad = "UIInterfaceOrientationPortrait UIInterfaceOrientationPortraitUpsideDown UIInterfaceOrientationLandscapeLeft UIInterfaceOrientationLandscapeRight";
				INFOPLIST_KEY_UISupportedInterfaceOrientations_iPhone = "UIInterfaceOrientationPortrait UIInterfaceOrientationLandscapeLeft UIInterfaceOrientationLandscapeRight";
				LD_RUNPATH_SEARCH_PATHS = (
					"$(inherited)",
					"@executable_path/Frameworks",
				);
				MARKETING_VERSION = 1.0;
				PRODUCT_BUNDLE_IDENTIFIER = Devere.Light;
				PRODUCT_NAME = "$(TARGET_NAME)";
				SWIFT_EMIT_LOC_STRINGS = YES;
				SWIFT_VERSION = 5.0;
				TARGETED_DEVICE_FAMILY = "1,2";
			};
			name = Release;
		};
		CCF613272B2D129E001D2DA4 /* Debug */ = {
			isa = XCBuildConfiguration;
			buildSettings = {
				ALWAYS_EMBED_SWIFT_STANDARD_LIBRARIES = YES;
				BUNDLE_LOADER = "$(TEST_HOST)";
				CODE_SIGN_STYLE = Automatic;
				CURRENT_PROJECT_VERSION = 1;
				DEVELOPMENT_TEAM = ZBUXG7MTFC;
				GENERATE_INFOPLIST_FILE = YES;
				IPHONEOS_DEPLOYMENT_TARGET = 17.2;
				MARKETING_VERSION = 1.0;
				PRODUCT_BUNDLE_IDENTIFIER = me.LightTests;
				PRODUCT_NAME = "$(TARGET_NAME)";
				SWIFT_EMIT_LOC_STRINGS = NO;
				SWIFT_VERSION = 5.0;
				TARGETED_DEVICE_FAMILY = "1,2";
				TEST_HOST = "$(BUILT_PRODUCTS_DIR)/Light.app/$(BUNDLE_EXECUTABLE_FOLDER_PATH)/Light";
			};
			name = Debug;
		};
		CCF613282B2D129E001D2DA4 /* Release */ = {
			isa = XCBuildConfiguration;
			buildSettings = {
				ALWAYS_EMBED_SWIFT_STANDARD_LIBRARIES = YES;
				BUNDLE_LOADER = "$(TEST_HOST)";
				CODE_SIGN_STYLE = Automatic;
				CURRENT_PROJECT_VERSION = 1;
				DEVELOPMENT_TEAM = ZBUXG7MTFC;
				GENERATE_INFOPLIST_FILE = YES;
				IPHONEOS_DEPLOYMENT_TARGET = 17.2;
				MARKETING_VERSION = 1.0;
				PRODUCT_BUNDLE_IDENTIFIER = me.LightTests;
				PRODUCT_NAME = "$(TARGET_NAME)";
				SWIFT_EMIT_LOC_STRINGS = NO;
				SWIFT_VERSION = 5.0;
				TARGETED_DEVICE_FAMILY = "1,2";
				TEST_HOST = "$(BUILT_PRODUCTS_DIR)/Light.app/$(BUNDLE_EXECUTABLE_FOLDER_PATH)/Light";
			};
			name = Release;
		};
		CCF6132A2B2D129E001D2DA4 /* Debug */ = {
			isa = XCBuildConfiguration;
			buildSettings = {
				ALWAYS_EMBED_SWIFT_STANDARD_LIBRARIES = YES;
				CODE_SIGN_STYLE = Automatic;
				CURRENT_PROJECT_VERSION = 1;
				DEVELOPMENT_TEAM = ZBUXG7MTFC;
				GENERATE_INFOPLIST_FILE = YES;
				MARKETING_VERSION = 1.0;
				PRODUCT_BUNDLE_IDENTIFIER = me.LightUITests;
				PRODUCT_NAME = "$(TARGET_NAME)";
				SWIFT_EMIT_LOC_STRINGS = NO;
				SWIFT_VERSION = 5.0;
				TARGETED_DEVICE_FAMILY = "1,2";
				TEST_TARGET_NAME = Light;
			};
			name = Debug;
		};
		CCF6132B2B2D129E001D2DA4 /* Release */ = {
			isa = XCBuildConfiguration;
			buildSettings = {
				ALWAYS_EMBED_SWIFT_STANDARD_LIBRARIES = YES;
				CODE_SIGN_STYLE = Automatic;
				CURRENT_PROJECT_VERSION = 1;
				DEVELOPMENT_TEAM = ZBUXG7MTFC;
				GENERATE_INFOPLIST_FILE = YES;
				MARKETING_VERSION = 1.0;
				PRODUCT_BUNDLE_IDENTIFIER = me.LightUITests;
				PRODUCT_NAME = "$(TARGET_NAME)";
				SWIFT_EMIT_LOC_STRINGS = NO;
				SWIFT_VERSION = 5.0;
				TARGETED_DEVICE_FAMILY = "1,2";
				TEST_TARGET_NAME = Light;
			};
			name = Release;
		};
/* End XCBuildConfiguration section */

/* Begin XCConfigurationList section */
		CCF612F42B2D129C001D2DA4 /* Build configuration list for PBXProject "Light" */ = {
			isa = XCConfigurationList;
			buildConfigurations = (
				CCF613212B2D129E001D2DA4 /* Debug */,
				CCF613222B2D129E001D2DA4 /* Release */,
			);
			defaultConfigurationIsVisible = 0;
			defaultConfigurationName = Release;
		};
		CCF613232B2D129E001D2DA4 /* Build configuration list for PBXNativeTarget "Light" */ = {
			isa = XCConfigurationList;
			buildConfigurations = (
				CCF613242B2D129E001D2DA4 /* Debug */,
				CCF613252B2D129E001D2DA4 /* Release */,
			);
			defaultConfigurationIsVisible = 0;
			defaultConfigurationName = Release;
		};
		CCF613262B2D129E001D2DA4 /* Build configuration list for PBXNativeTarget "LightTests" */ = {
			isa = XCConfigurationList;
			buildConfigurations = (
				CCF613272B2D129E001D2DA4 /* Debug */,
				CCF613282B2D129E001D2DA4 /* Release */,
			);
			defaultConfigurationIsVisible = 0;
			defaultConfigurationName = Release;
		};
		CCF613292B2D129E001D2DA4 /* Build configuration list for PBXNativeTarget "LightUITests" */ = {
			isa = XCConfigurationList;
			buildConfigurations = (
				CCF6132A2B2D129E001D2DA4 /* Debug */,
				CCF6132B2B2D129E001D2DA4 /* Release */,
			);
			defaultConfigurationIsVisible = 0;
			defaultConfigurationName = Release;
		};
/* End XCConfigurationList section */
	};
	rootObject = CCF612F12B2D129C001D2DA4 /* Project object */;
}
